// !$*UTF8*$!
{
	archiveVersion = 1;
	classes = {
	};
	objectVersion = 77;
	objects = {

/* Begin PBXContainerItemProxy section */
		08ECB3702D0A0C6C00C8008D /* PBXContainerItemProxy */ = {
			isa = PBXContainerItemProxy;
			containerPortal = 08ECB3552D0A0C6900C8008D /* Project object */;
			proxyType = 1;
			remoteGlobalIDString = 08ECB35C2D0A0C6900C8008D;
			remoteInfo = C_ALL_With_Avoidance;
		};
		08ECB37A2D0A0C6C00C8008D /* PBXContainerItemProxy */ = {
			isa = PBXContainerItemProxy;
			containerPortal = 08ECB3552D0A0C6900C8008D /* Project object */;
			proxyType = 1;
			remoteGlobalIDString = 08ECB35C2D0A0C6900C8008D;
			remoteInfo = C_ALL_With_Avoidance;
		};
/* End PBXContainerItemProxy section */

/* Begin PBXFileReference section */
		08ECB35D2D0A0C6900C8008D /* C_ALL_With_Avoidance.app */ = {isa = PBXFileReference; explicitFileType = wrapper.application; includeInIndex = 0; path = C_ALL_With_Avoidance.app; sourceTree = BUILT_PRODUCTS_DIR; };
		08ECB36F2D0A0C6C00C8008D /* C_ALL_With_AvoidanceTests.xctest */ = {isa = PBXFileReference; explicitFileType = wrapper.cfbundle; includeInIndex = 0; path = C_ALL_With_AvoidanceTests.xctest; sourceTree = BUILT_PRODUCTS_DIR; };
		08ECB3792D0A0C6C00C8008D /* C_ALL_With_AvoidanceUITests.xctest */ = {isa = PBXFileReference; explicitFileType = wrapper.cfbundle; includeInIndex = 0; path = C_ALL_With_AvoidanceUITests.xctest; sourceTree = BUILT_PRODUCTS_DIR; };
/* End PBXFileReference section */

/* Begin PBXFileSystemSynchronizedBuildFileExceptionSet section */
		08ECB3922D0A0DBE00C8008D /* Exceptions for "C_ALL_With_Avoidance" folder in "C_ALL_With_Avoidance" target */ = {
			isa = PBXFileSystemSynchronizedBuildFileExceptionSet;
			membershipExceptions = (
				Untitled.swift,
			);
			target = 08ECB35C2D0A0C6900C8008D /* C_ALL_With_Avoidance */;
		};
/* End PBXFileSystemSynchronizedBuildFileExceptionSet section */

/* Begin PBXFileSystemSynchronizedRootGroup section */
		08ECB35F2D0A0C6900C8008D /* C_ALL_With_Avoidance */ = {
			isa = PBXFileSystemSynchronizedRootGroup;
			exceptions = (
				08ECB3922D0A0DBE00C8008D /* Exceptions for "C_ALL_With_Avoidance" folder in "C_ALL_With_Avoidance" target */,
			);
			path = C_ALL_With_Avoidance;
			sourceTree = "<group>";
		};
		08ECB3722D0A0C6C00C8008D /* C_ALL_With_AvoidanceTests */ = {
			isa = PBXFileSystemSynchronizedRootGroup;
			path = C_ALL_With_AvoidanceTests;
			sourceTree = "<group>";
		};
		08ECB37C2D0A0C6C00C8008D /* C_ALL_With_AvoidanceUITests */ = {
			isa = PBXFileSystemSynchronizedRootGroup;
			path = C_ALL_With_AvoidanceUITests;
			sourceTree = "<group>";
		};
/* End PBXFileSystemSynchronizedRootGroup section */

/* Begin PBXFrameworksBuildPhase section */
		08ECB35A2D0A0C6900C8008D /* Frameworks */ = {
			isa = PBXFrameworksBuildPhase;
			buildActionMask = 2147483647;
			files = (
			);
			runOnlyForDeploymentPostprocessing = 0;
		};
		08ECB36C2D0A0C6C00C8008D /* Frameworks */ = {
			isa = PBXFrameworksBuildPhase;
			buildActionMask = 2147483647;
			files = (
			);
			runOnlyForDeploymentPostprocessing = 0;
		};
		08ECB3762D0A0C6C00C8008D /* Frameworks */ = {
			isa = PBXFrameworksBuildPhase;
			buildActionMask = 2147483647;
			files = (
			);
			runOnlyForDeploymentPostprocessing = 0;
		};
/* End PBXFrameworksBuildPhase section */

/* Begin PBXGroup section */
		08ECB3542D0A0C6900C8008D = {
			isa = PBXGroup;
			children = (
				08ECB35F2D0A0C6900C8008D /* C_ALL_With_Avoidance */,
				08ECB3722D0A0C6C00C8008D /* C_ALL_With_AvoidanceTests */,
				08ECB37C2D0A0C6C00C8008D /* C_ALL_With_AvoidanceUITests */,
				08ECB35E2D0A0C6900C8008D /* Products */,
			);
			sourceTree = "<group>";
		};
		08ECB35E2D0A0C6900C8008D /* Products */ = {
			isa = PBXGroup;
			children = (
				08ECB35D2D0A0C6900C8008D /* C_ALL_With_Avoidance.app */,
				08ECB36F2D0A0C6C00C8008D /* C_ALL_With_AvoidanceTests.xctest */,
				08ECB3792D0A0C6C00C8008D /* C_ALL_With_AvoidanceUITests.xctest */,
			);
			name = Products;
			sourceTree = "<group>";
		};
/* End PBXGroup section */

/* Begin PBXNativeTarget section */
		08ECB35C2D0A0C6900C8008D /* C_ALL_With_Avoidance */ = {
			isa = PBXNativeTarget;
			buildConfigurationList = 08ECB3832D0A0C6C00C8008D /* Build configuration list for PBXNativeTarget "C_ALL_With_Avoidance" */;
			buildPhases = (
				08ECB3592D0A0C6900C8008D /* Sources */,
				08ECB35A2D0A0C6900C8008D /* Frameworks */,
				08ECB35B2D0A0C6900C8008D /* Resources */,
			);
			buildRules = (
			);
			dependencies = (
			);
			fileSystemSynchronizedGroups = (
				08ECB35F2D0A0C6900C8008D /* C_ALL_With_Avoidance */,
			);
			name = C_ALL_With_Avoidance;
			packageProductDependencies = (
			);
			productName = C_ALL_With_Avoidance;
			productReference = 08ECB35D2D0A0C6900C8008D /* C_ALL_With_Avoidance.app */;
			productType = "com.apple.product-type.application";
		};
		08ECB36E2D0A0C6C00C8008D /* C_ALL_With_AvoidanceTests */ = {
			isa = PBXNativeTarget;
			buildConfigurationList = 08ECB3862D0A0C6C00C8008D /* Build configuration list for PBXNativeTarget "C_ALL_With_AvoidanceTests" */;
			buildPhases = (
				08ECB36B2D0A0C6C00C8008D /* Sources */,
				08ECB36C2D0A0C6C00C8008D /* Frameworks */,
				08ECB36D2D0A0C6C00C8008D /* Resources */,
			);
			buildRules = (
			);
			dependencies = (
				08ECB3712D0A0C6C00C8008D /* PBXTargetDependency */,
			);
			fileSystemSynchronizedGroups = (
				08ECB3722D0A0C6C00C8008D /* C_ALL_With_AvoidanceTests */,
			);
			name = C_ALL_With_AvoidanceTests;
			packageProductDependencies = (
			);
			productName = C_ALL_With_AvoidanceTests;
			productReference = 08ECB36F2D0A0C6C00C8008D /* C_ALL_With_AvoidanceTests.xctest */;
			productType = "com.apple.product-type.bundle.unit-test";
		};
		08ECB3782D0A0C6C00C8008D /* C_ALL_With_AvoidanceUITests */ = {
			isa = PBXNativeTarget;
			buildConfigurationList = 08ECB3892D0A0C6C00C8008D /* Build configuration list for PBXNativeTarget "C_ALL_With_AvoidanceUITests" */;
			buildPhases = (
				08ECB3752D0A0C6C00C8008D /* Sources */,
				08ECB3762D0A0C6C00C8008D /* Frameworks */,
				08ECB3772D0A0C6C00C8008D /* Resources */,
			);
			buildRules = (
			);
			dependencies = (
				08ECB37B2D0A0C6C00C8008D /* PBXTargetDependency */,
			);
			fileSystemSynchronizedGroups = (
				08ECB37C2D0A0C6C00C8008D /* C_ALL_With_AvoidanceUITests */,
			);
			name = C_ALL_With_AvoidanceUITests;
			packageProductDependencies = (
			);
			productName = C_ALL_With_AvoidanceUITests;
			productReference = 08ECB3792D0A0C6C00C8008D /* C_ALL_With_AvoidanceUITests.xctest */;
			productType = "com.apple.product-type.bundle.ui-testing";
		};
/* End PBXNativeTarget section */

/* Begin PBXProject section */
		08ECB3552D0A0C6900C8008D /* Project object */ = {
			isa = PBXProject;
			attributes = {
				BuildIndependentTargetsInParallel = 1;
				LastSwiftUpdateCheck = 1610;
				LastUpgradeCheck = 1610;
				TargetAttributes = {
					08ECB35C2D0A0C6900C8008D = {
						CreatedOnToolsVersion = 16.1;
					};
					08ECB36E2D0A0C6C00C8008D = {
						CreatedOnToolsVersion = 16.1;
						TestTargetID = 08ECB35C2D0A0C6900C8008D;
					};
					08ECB3782D0A0C6C00C8008D = {
						CreatedOnToolsVersion = 16.1;
						TestTargetID = 08ECB35C2D0A0C6900C8008D;
					};
				};
			};
			buildConfigurationList = 08ECB3582D0A0C6900C8008D /* Build configuration list for PBXProject "C_ALL_With_Avoidance" */;
			developmentRegion = en;
			hasScannedForEncodings = 0;
			knownRegions = (
				en,
				Base,
			);
			mainGroup = 08ECB3542D0A0C6900C8008D;
			minimizedProjectReferenceProxies = 1;
			preferredProjectObjectVersion = 77;
			productRefGroup = 08ECB35E2D0A0C6900C8008D /* Products */;
			projectDirPath = "";
			projectRoot = "";
			targets = (
				08ECB35C2D0A0C6900C8008D /* C_ALL_With_Avoidance */,
				08ECB36E2D0A0C6C00C8008D /* C_ALL_With_AvoidanceTests */,
				08ECB3782D0A0C6C00C8008D /* C_ALL_With_AvoidanceUITests */,
			);
		};
/* End PBXProject section */

/* Begin PBXResourcesBuildPhase section */
		08ECB35B2D0A0C6900C8008D /* Resources */ = {
			isa = PBXResourcesBuildPhase;
			buildActionMask = 2147483647;
			files = (
			);
			runOnlyForDeploymentPostprocessing = 0;
		};
		08ECB36D2D0A0C6C00C8008D /* Resources */ = {
			isa = PBXResourcesBuildPhase;
			buildActionMask = 2147483647;
			files = (
			);
			runOnlyForDeploymentPostprocessing = 0;
		};
		08ECB3772D0A0C6C00C8008D /* Resources */ = {
			isa = PBXResourcesBuildPhase;
			buildActionMask = 2147483647;
			files = (
			);
			runOnlyForDeploymentPostprocessing = 0;
		};
/* End PBXResourcesBuildPhase section */

/* Begin PBXSourcesBuildPhase section */
		08ECB3592D0A0C6900C8008D /* Sources */ = {
			isa = PBXSourcesBuildPhase;
			buildActionMask = 2147483647;
			files = (
			);
			runOnlyForDeploymentPostprocessing = 0;
		};
		08ECB36B2D0A0C6C00C8008D /* Sources */ = {
			isa = PBXSourcesBuildPhase;
			buildActionMask = 2147483647;
			files = (
			);
			runOnlyForDeploymentPostprocessing = 0;
		};
		08ECB3752D0A0C6C00C8008D /* Sources */ = {
			isa = PBXSourcesBuildPhase;
			buildActionMask = 2147483647;
			files = (
			);
			runOnlyForDeploymentPostprocessing = 0;
		};
/* End PBXSourcesBuildPhase section */

/* Begin PBXTargetDependency section */
		08ECB3712D0A0C6C00C8008D /* PBXTargetDependency */ = {
			isa = PBXTargetDependency;
			target = 08ECB35C2D0A0C6900C8008D /* C_ALL_With_Avoidance */;
			targetProxy = 08ECB3702D0A0C6C00C8008D /* PBXContainerItemProxy */;
		};
		08ECB37B2D0A0C6C00C8008D /* PBXTargetDependency */ = {
			isa = PBXTargetDependency;
			target = 08ECB35C2D0A0C6900C8008D /* C_ALL_With_Avoidance */;
			targetProxy = 08ECB37A2D0A0C6C00C8008D /* PBXContainerItemProxy */;
		};
/* End PBXTargetDependency section */

/* Begin XCBuildConfiguration section */
		08ECB3812D0A0C6C00C8008D /* Debug */ = {
			isa = XCBuildConfiguration;
			buildSettings = {
				ALWAYS_SEARCH_USER_PATHS = NO;
				ASSETCATALOG_COMPILER_GENERATE_SWIFT_ASSET_SYMBOL_EXTENSIONS = YES;
				CLANG_ANALYZER_NONNULL = YES;
				CLANG_ANALYZER_NUMBER_OBJECT_CONVERSION = YES_AGGRESSIVE;
				CLANG_CXX_LANGUAGE_STANDARD = "gnu++20";
				CLANG_ENABLE_MODULES = YES;
				CLANG_ENABLE_OBJC_ARC = YES;
				CLANG_ENABLE_OBJC_WEAK = YES;
				CLANG_WARN_BLOCK_CAPTURE_AUTORELEASING = YES;
				CLANG_WARN_BOOL_CONVERSION = YES;
				CLANG_WARN_COMMA = YES;
				CLANG_WARN_CONSTANT_CONVERSION = YES;
				CLANG_WARN_DEPRECATED_OBJC_IMPLEMENTATIONS = YES;
				CLANG_WARN_DIRECT_OBJC_ISA_USAGE = YES_ERROR;
				CLANG_WARN_DOCUMENTATION_COMMENTS = YES;
				CLANG_WARN_EMPTY_BODY = YES;
				CLANG_WARN_ENUM_CONVERSION = YES;
				CLANG_WARN_INFINITE_RECURSION = YES;
				CLANG_WARN_INT_CONVERSION = YES;
				CLANG_WARN_NON_LITERAL_NULL_CONVERSION = YES;
				CLANG_WARN_OBJC_IMPLICIT_RETAIN_SELF = YES;
				CLANG_WARN_OBJC_LITERAL_CONVERSION = YES;
				CLANG_WARN_OBJC_ROOT_CLASS = YES_ERROR;
				CLANG_WARN_QUOTED_INCLUDE_IN_FRAMEWORK_HEADER = YES;
				CLANG_WARN_RANGE_LOOP_ANALYSIS = YES;
				CLANG_WARN_STRICT_PROTOTYPES = YES;
				CLANG_WARN_SUSPICIOUS_MOVE = YES;
				CLANG_WARN_UNGUARDED_AVAILABILITY = YES_AGGRESSIVE;
				CLANG_WARN_UNREACHABLE_CODE = YES;
				CLANG_WARN__DUPLICATE_METHOD_MATCH = YES;
				COPY_PHASE_STRIP = NO;
				DEBUG_INFORMATION_FORMAT = dwarf;
				ENABLE_STRICT_OBJC_MSGSEND = YES;
				ENABLE_TESTABILITY = YES;
				ENABLE_USER_SCRIPT_SANDBOXING = YES;
				GCC_C_LANGUAGE_STANDARD = gnu17;
				GCC_DYNAMIC_NO_PIC = NO;
				GCC_NO_COMMON_BLOCKS = YES;
				GCC_OPTIMIZATION_LEVEL = 0;
				GCC_PREPROCESSOR_DEFINITIONS = (
					"DEBUG=1",
					"$(inherited)",
				);
				GCC_WARN_64_TO_32_BIT_CONVERSION = YES;
				GCC_WARN_ABOUT_RETURN_TYPE = YES_ERROR;
				GCC_WARN_UNDECLARED_SELECTOR = YES;
				GCC_WARN_UNINITIALIZED_AUTOS = YES_AGGRESSIVE;
				GCC_WARN_UNUSED_FUNCTION = YES;
				GCC_WARN_UNUSED_VARIABLE = YES;
				IPHONEOS_DEPLOYMENT_TARGET = 18.1;
				LOCALIZATION_PREFERS_STRING_CATALOGS = YES;
				MTL_ENABLE_DEBUG_INFO = INCLUDE_SOURCE;
				MTL_FAST_MATH = YES;
				ONLY_ACTIVE_ARCH = YES;
				SDKROOT = iphoneos;
				SWIFT_ACTIVE_COMPILATION_CONDITIONS = "DEBUG $(inherited)";
				SWIFT_OPTIMIZATION_LEVEL = "-Onone";
			};
			name = Debug;
		};
		08ECB3822D0A0C6C00C8008D /* Release */ = {
			isa = XCBuildConfiguration;
			buildSettings = {
				ALWAYS_SEARCH_USER_PATHS = NO;
				ASSETCATALOG_COMPILER_GENERATE_SWIFT_ASSET_SYMBOL_EXTENSIONS = YES;
				CLANG_ANALYZER_NONNULL = YES;
				CLANG_ANALYZER_NUMBER_OBJECT_CONVERSION = YES_AGGRESSIVE;
				CLANG_CXX_LANGUAGE_STANDARD = "gnu++20";
				CLANG_ENABLE_MODULES = YES;
				CLANG_ENABLE_OBJC_ARC = YES;
				CLANG_ENABLE_OBJC_WEAK = YES;
				CLANG_WARN_BLOCK_CAPTURE_AUTORELEASING = YES;
				CLANG_WARN_BOOL_CONVERSION = YES;
				CLANG_WARN_COMMA = YES;
				CLANG_WARN_CONSTANT_CONVERSION = YES;
				CLANG_WARN_DEPRECATED_OBJC_IMPLEMENTATIONS = YES;
				CLANG_WARN_DIRECT_OBJC_ISA_USAGE = YES_ERROR;
				CLANG_WARN_DOCUMENTATION_COMMENTS = YES;
				CLANG_WARN_EMPTY_BODY = YES;
				CLANG_WARN_ENUM_CONVERSION = YES;
				CLANG_WARN_INFINITE_RECURSION = YES;
				CLANG_WARN_INT_CONVERSION = YES;
				CLANG_WARN_NON_LITERAL_NULL_CONVERSION = YES;
				CLANG_WARN_OBJC_IMPLICIT_RETAIN_SELF = YES;
				CLANG_WARN_OBJC_LITERAL_CONVERSION = YES;
				CLANG_WARN_OBJC_ROOT_CLASS = YES_ERROR;
				CLANG_WARN_QUOTED_INCLUDE_IN_FRAMEWORK_HEADER = YES;
				CLANG_WARN_RANGE_LOOP_ANALYSIS = YES;
				CLANG_WARN_STRICT_PROTOTYPES = YES;
				CLANG_WARN_SUSPICIOUS_MOVE = YES;
				CLANG_WARN_UNGUARDED_AVAILABILITY = YES_AGGRESSIVE;
				CLANG_WARN_UNREACHABLE_CODE = YES;
				CLANG_WARN__DUPLICATE_METHOD_MATCH = YES;
				COPY_PHASE_STRIP = NO;
				DEBUG_INFORMATION_FORMAT = "dwarf-with-dsym";
				ENABLE_NS_ASSERTIONS = NO;
				ENABLE_STRICT_OBJC_MSGSEND = YES;
				ENABLE_USER_SCRIPT_SANDBOXING = YES;
				GCC_C_LANGUAGE_STANDARD = gnu17;
				GCC_NO_COMMON_BLOCKS = YES;
				GCC_WARN_64_TO_32_BIT_CONVERSION = YES;
				GCC_WARN_ABOUT_RETURN_TYPE = YES_ERROR;
				GCC_WARN_UNDECLARED_SELECTOR = YES;
				GCC_WARN_UNINITIALIZED_AUTOS = YES_AGGRESSIVE;
				GCC_WARN_UNUSED_FUNCTION = YES;
				GCC_WARN_UNUSED_VARIABLE = YES;
				IPHONEOS_DEPLOYMENT_TARGET = 18.1;
				LOCALIZATION_PREFERS_STRING_CATALOGS = YES;
				MTL_ENABLE_DEBUG_INFO = NO;
				MTL_FAST_MATH = YES;
				SDKROOT = iphoneos;
				SWIFT_COMPILATION_MODE = wholemodule;
				VALIDATE_PRODUCT = YES;
			};
			name = Release;
		};
		08ECB3842D0A0C6C00C8008D /* Debug */ = {
			isa = XCBuildConfiguration;
			buildSettings = {
				ASSETCATALOG_COMPILER_APPICON_NAME = AppIcon;
				ASSETCATALOG_COMPILER_GLOBAL_ACCENT_COLOR_NAME = AccentColor;
				CODE_SIGN_STYLE = Automatic;
				CURRENT_PROJECT_VERSION = 1;
				DEVELOPMENT_ASSET_PATHS = "\"C_ALL_With_Avoidance/Preview Content\"";
				DEVELOPMENT_TEAM = KR4RNT2VTB;
				ENABLE_PREVIEWS = YES;
				GENERATE_INFOPLIST_FILE = YES;
				INFOPLIST_KEY_CFBundleDisplayName = "";
				INFOPLIST_KEY_LSApplicationCategoryType = "";
				INFOPLIST_KEY_NSCameraUsageDescription = "";
				INFOPLIST_KEY_NSLocationAlwaysAndWhenInUseUsageDescription = "";
				INFOPLIST_KEY_NSLocationWhenInUseUsageDescription = "";
				INFOPLIST_KEY_NSMotionUsageDescription = "";
				INFOPLIST_KEY_UIApplicationSceneManifest_Generation = YES;
				INFOPLIST_KEY_UIApplicationSupportsIndirectInputEvents = YES;
				INFOPLIST_KEY_UILaunchScreen_Generation = YES;
				INFOPLIST_KEY_UISupportedInterfaceOrientations_iPad = "UIInterfaceOrientationPortrait UIInterfaceOrientationPortraitUpsideDown UIInterfaceOrientationLandscapeLeft UIInterfaceOrientationLandscapeRight";
				INFOPLIST_KEY_UISupportedInterfaceOrientations_iPhone = "UIInterfaceOrientationPortrait UIInterfaceOrientationLandscapeLeft UIInterfaceOrientationLandscapeRight";
				IPHONEOS_DEPLOYMENT_TARGET = 18.0;
				LD_RUNPATH_SEARCH_PATHS = (
					"$(inherited)",
					"@executable_path/Frameworks",
				);
				MARKETING_VERSION = 1.0;
				PRODUCT_BUNDLE_IDENTIFIER = "com.original.C-ALL-With-Avoidance";
				PRODUCT_NAME = "$(TARGET_NAME)";
				SWIFT_EMIT_LOC_STRINGS = YES;
				SWIFT_VERSION = 5.0;
				TARGETED_DEVICE_FAMILY = "1,2";
			};
			name = Debug;
		};
		08ECB3852D0A0C6C00C8008D /* Release */ = {
			isa = XCBuildConfiguration;
			buildSettings = {
				ASSETCATALOG_COMPILER_APPICON_NAME = AppIcon;
				ASSETCATALOG_COMPILER_GLOBAL_ACCENT_COLOR_NAME = AccentColor;
				CODE_SIGN_STYLE = Automatic;
				CURRENT_PROJECT_VERSION = 1;
				DEVELOPMENT_ASSET_PATHS = "\"C_ALL_With_Avoidance/Preview Content\"";
				DEVELOPMENT_TEAM = KR4RNT2VTB;
				ENABLE_PREVIEWS = YES;
				GENERATE_INFOPLIST_FILE = YES;
				INFOPLIST_KEY_CFBundleDisplayName = "";
				INFOPLIST_KEY_LSApplicationCategoryType = "";
				INFOPLIST_KEY_NSCameraUsageDescription = "";
				INFOPLIST_KEY_NSLocationAlwaysAndWhenInUseUsageDescription = "";
				INFOPLIST_KEY_NSLocationWhenInUseUsageDescription = "";
				INFOPLIST_KEY_NSMotionUsageDescription = "";
				INFOPLIST_KEY_UIApplicationSceneManifest_Generation = YES;
				INFOPLIST_KEY_UIApplicationSupportsIndirectInputEvents = YES;
				INFOPLIST_KEY_UILaunchScreen_Generation = YES;
				INFOPLIST_KEY_UISupportedInterfaceOrientations_iPad = "UIInterfaceOrientationPortrait UIInterfaceOrientationPortraitUpsideDown UIInterfaceOrientationLandscapeLeft UIInterfaceOrientationLandscapeRight";
				INFOPLIST_KEY_UISupportedInterfaceOrientations_iPhone = "UIInterfaceOrientationPortrait UIInterfaceOrientationLandscapeLeft UIInterfaceOrientationLandscapeRight";
				IPHONEOS_DEPLOYMENT_TARGET = 18.0;
				LD_RUNPATH_SEARCH_PATHS = (
					"$(inherited)",
					"@executable_path/Frameworks",
				);
				MARKETING_VERSION = 1.0;
				PRODUCT_BUNDLE_IDENTIFIER = "com.original.C-ALL-With-Avoidance";
				PRODUCT_NAME = "$(TARGET_NAME)";
				SWIFT_EMIT_LOC_STRINGS = YES;
				SWIFT_VERSION = 5.0;
				TARGETED_DEVICE_FAMILY = "1,2";
			};
			name = Release;
		};
		08ECB3872D0A0C6C00C8008D /* Debug */ = {
			isa = XCBuildConfiguration;
			buildSettings = {
				BUNDLE_LOADER = "$(TEST_HOST)";
				CODE_SIGN_STYLE = Automatic;
				CURRENT_PROJECT_VERSION = 1;
				DEVELOPMENT_TEAM = KR4RNT2VTB;
				GENERATE_INFOPLIST_FILE = YES;
				IPHONEOS_DEPLOYMENT_TARGET = 18.1;
				MARKETING_VERSION = 1.0;
				PRODUCT_BUNDLE_IDENTIFIER = "com.original.C-ALL-With-AvoidanceTests";
				PRODUCT_NAME = "$(TARGET_NAME)";
				SWIFT_EMIT_LOC_STRINGS = NO;
				SWIFT_VERSION = 5.0;
				TARGETED_DEVICE_FAMILY = "1,2";
				TEST_HOST = "$(BUILT_PRODUCTS_DIR)/C_ALL_With_Avoidance.app/$(BUNDLE_EXECUTABLE_FOLDER_PATH)/C_ALL_With_Avoidance";
			};
			name = Debug;
		};
		08ECB3882D0A0C6C00C8008D /* Release */ = {
			isa = XCBuildConfiguration;
			buildSettings = {
				BUNDLE_LOADER = "$(TEST_HOST)";
				CODE_SIGN_STYLE = Automatic;
				CURRENT_PROJECT_VERSION = 1;
				DEVELOPMENT_TEAM = KR4RNT2VTB;
				GENERATE_INFOPLIST_FILE = YES;
				IPHONEOS_DEPLOYMENT_TARGET = 18.1;
				MARKETING_VERSION = 1.0;
				PRODUCT_BUNDLE_IDENTIFIER = "com.original.C-ALL-With-AvoidanceTests";
				PRODUCT_NAME = "$(TARGET_NAME)";
				SWIFT_EMIT_LOC_STRINGS = NO;
				SWIFT_VERSION = 5.0;
				TARGETED_DEVICE_FAMILY = "1,2";
				TEST_HOST = "$(BUILT_PRODUCTS_DIR)/C_ALL_With_Avoidance.app/$(BUNDLE_EXECUTABLE_FOLDER_PATH)/C_ALL_With_Avoidance";
			};
			name = Release;
		};
		08ECB38A2D0A0C6C00C8008D /* Debug */ = {
			isa = XCBuildConfiguration;
			buildSettings = {
				CODE_SIGN_STYLE = Automatic;
				CURRENT_PROJECT_VERSION = 1;
				DEVELOPMENT_TEAM = KR4RNT2VTB;
				GENERATE_INFOPLIST_FILE = YES;
				MARKETING_VERSION = 1.0;
				PRODUCT_BUNDLE_IDENTIFIER = "com.original.C-ALL-With-AvoidanceUITests";
				PRODUCT_NAME = "$(TARGET_NAME)";
				SWIFT_EMIT_LOC_STRINGS = NO;
				SWIFT_VERSION = 5.0;
				TARGETED_DEVICE_FAMILY = "1,2";
				TEST_TARGET_NAME = C_ALL_With_Avoidance;
			};
			name = Debug;
		};
		08ECB38B2D0A0C6C00C8008D /* Release */ = {
			isa = XCBuildConfiguration;
			buildSettings = {
				CODE_SIGN_STYLE = Automatic;
				CURRENT_PROJECT_VERSION = 1;
				DEVELOPMENT_TEAM = KR4RNT2VTB;
				GENERATE_INFOPLIST_FILE = YES;
				MARKETING_VERSION = 1.0;
				PRODUCT_BUNDLE_IDENTIFIER = "com.original.C-ALL-With-AvoidanceUITests";
				PRODUCT_NAME = "$(TARGET_NAME)";
				SWIFT_EMIT_LOC_STRINGS = NO;
				SWIFT_VERSION = 5.0;
				TARGETED_DEVICE_FAMILY = "1,2";
				TEST_TARGET_NAME = C_ALL_With_Avoidance;
			};
			name = Release;
		};
/* End XCBuildConfiguration section */

/* Begin XCConfigurationList section */
		08ECB3582D0A0C6900C8008D /* Build configuration list for PBXProject "C_ALL_With_Avoidance" */ = {
			isa = XCConfigurationList;
			buildConfigurations = (
				08ECB3812D0A0C6C00C8008D /* Debug */,
				08ECB3822D0A0C6C00C8008D /* Release */,
			);
			defaultConfigurationIsVisible = 0;
			defaultConfigurationName = Release;
		};
		08ECB3832D0A0C6C00C8008D /* Build configuration list for PBXNativeTarget "C_ALL_With_Avoidance" */ = {
			isa = XCConfigurationList;
			buildConfigurations = (
				08ECB3842D0A0C6C00C8008D /* Debug */,
				08ECB3852D0A0C6C00C8008D /* Release */,
			);
			defaultConfigurationIsVisible = 0;
			defaultConfigurationName = Release;
		};
		08ECB3862D0A0C6C00C8008D /* Build configuration list for PBXNativeTarget "C_ALL_With_AvoidanceTests" */ = {
			isa = XCConfigurationList;
			buildConfigurations = (
				08ECB3872D0A0C6C00C8008D /* Debug */,
				08ECB3882D0A0C6C00C8008D /* Release */,
			);
			defaultConfigurationIsVisible = 0;
			defaultConfigurationName = Release;
		};
		08ECB3892D0A0C6C00C8008D /* Build configuration list for PBXNativeTarget "C_ALL_With_AvoidanceUITests" */ = {
			isa = XCConfigurationList;
			buildConfigurations = (
				08ECB38A2D0A0C6C00C8008D /* Debug */,
				08ECB38B2D0A0C6C00C8008D /* Release */,
			);
			defaultConfigurationIsVisible = 0;
			defaultConfigurationName = Release;
		};
/* End XCConfigurationList section */
	};
	rootObject = 08ECB3552D0A0C6900C8008D /* Project object */;
}
