// !$*UTF8*$!
{
	archiveVersion = 1;
	classes = {
	};
	objectVersion = 77;
	objects = {

/* Begin PBXContainerItemProxy section */
		080C62F22CE667D000A28546 /* PBXContainerItemProxy */ = {
			isa = PBXContainerItemProxy;
			containerPortal = 080C62D72CE667CC00A28546 /* Project object */;
			proxyType = 1;
			remoteGlobalIDString = 080C62DE2CE667CC00A28546;
			remoteInfo = CreatingLidarModel;
		};
		080C62FC2CE667D000A28546 /* PBXContainerItemProxy */ = {
			isa = PBXContainerItemProxy;
			containerPortal = 080C62D72CE667CC00A28546 /* Project object */;
			proxyType = 1;
			remoteGlobalIDString = 080C62DE2CE667CC00A28546;
			remoteInfo = CreatingLidarModel;
		};
/* End PBXContainerItemProxy section */

/* Begin PBXFileReference section */
		080C62DF2CE667CC00A28546 /* CreatingLidarModel.app */ = {isa = PBXFileReference; explicitFileType = wrapper.application; includeInIndex = 0; path = CreatingLidarModel.app; sourceTree = BUILT_PRODUCTS_DIR; };
		080C62F12CE667D000A28546 /* CreatingLidarModelTests.xctest */ = {isa = PBXFileReference; explicitFileType = wrapper.cfbundle; includeInIndex = 0; path = CreatingLidarModelTests.xctest; sourceTree = BUILT_PRODUCTS_DIR; };
		080C62FB2CE667D000A28546 /* CreatingLidarModelUITests.xctest */ = {isa = PBXFileReference; explicitFileType = wrapper.cfbundle; includeInIndex = 0; path = CreatingLidarModelUITests.xctest; sourceTree = BUILT_PRODUCTS_DIR; };
/* End PBXFileReference section */

/* Begin PBXFileSystemSynchronizedRootGroup section */
		080C62E12CE667CC00A28546 /* CreatingLidarModel */ = {
			isa = PBXFileSystemSynchronizedRootGroup;
			path = CreatingLidarModel;
			sourceTree = "<group>";
		};
		080C62F42CE667D000A28546 /* CreatingLidarModelTests */ = {
			isa = PBXFileSystemSynchronizedRootGroup;
			path = CreatingLidarModelTests;
			sourceTree = "<group>";
		};
		080C62FE2CE667D000A28546 /* CreatingLidarModelUITests */ = {
			isa = PBXFileSystemSynchronizedRootGroup;
			path = CreatingLidarModelUITests;
			sourceTree = "<group>";
		};
/* End PBXFileSystemSynchronizedRootGroup section */

/* Begin PBXFrameworksBuildPhase section */
		080C62DC2CE667CC00A28546 /* Frameworks */ = {
			isa = PBXFrameworksBuildPhase;
			buildActionMask = 2147483647;
			files = (
			);
			runOnlyForDeploymentPostprocessing = 0;
		};
		080C62EE2CE667D000A28546 /* Frameworks */ = {
			isa = PBXFrameworksBuildPhase;
			buildActionMask = 2147483647;
			files = (
			);
			runOnlyForDeploymentPostprocessing = 0;
		};
		080C62F82CE667D000A28546 /* Frameworks */ = {
			isa = PBXFrameworksBuildPhase;
			buildActionMask = 2147483647;
			files = (
			);
			runOnlyForDeploymentPostprocessing = 0;
		};
/* End PBXFrameworksBuildPhase section */

/* Begin PBXGroup section */
		080C62D62CE667CC00A28546 = {
			isa = PBXGroup;
			children = (
				080C62E12CE667CC00A28546 /* CreatingLidarModel */,
				080C62F42CE667D000A28546 /* CreatingLidarModelTests */,
				080C62FE2CE667D000A28546 /* CreatingLidarModelUITests */,
				080C62E02CE667CC00A28546 /* Products */,
			);
			sourceTree = "<group>";
		};
		080C62E02CE667CC00A28546 /* Products */ = {
			isa = PBXGroup;
			children = (
				080C62DF2CE667CC00A28546 /* CreatingLidarModel.app */,
				080C62F12CE667D000A28546 /* CreatingLidarModelTests.xctest */,
				080C62FB2CE667D000A28546 /* CreatingLidarModelUITests.xctest */,
			);
			name = Products;
			sourceTree = "<group>";
		};
/* End PBXGroup section */

/* Begin PBXNativeTarget section */
		080C62DE2CE667CC00A28546 /* CreatingLidarModel */ = {
			isa = PBXNativeTarget;
			buildConfigurationList = 080C63052CE667D000A28546 /* Build configuration list for PBXNativeTarget "CreatingLidarModel" */;
			buildPhases = (
				080C62DB2CE667CC00A28546 /* Sources */,
				080C62DC2CE667CC00A28546 /* Frameworks */,
				080C62DD2CE667CC00A28546 /* Resources */,
			);
			buildRules = (
			);
			dependencies = (
			);
			fileSystemSynchronizedGroups = (
				080C62E12CE667CC00A28546 /* CreatingLidarModel */,
			);
			name = CreatingLidarModel;
			packageProductDependencies = (
			);
			productName = CreatingLidarModel;
			productReference = 080C62DF2CE667CC00A28546 /* CreatingLidarModel.app */;
			productType = "com.apple.product-type.application";
		};
		080C62F02CE667D000A28546 /* CreatingLidarModelTests */ = {
			isa = PBXNativeTarget;
			buildConfigurationList = 080C63082CE667D000A28546 /* Build configuration list for PBXNativeTarget "CreatingLidarModelTests" */;
			buildPhases = (
				080C62ED2CE667D000A28546 /* Sources */,
				080C62EE2CE667D000A28546 /* Frameworks */,
				080C62EF2CE667D000A28546 /* Resources */,
			);
			buildRules = (
			);
			dependencies = (
				080C62F32CE667D000A28546 /* PBXTargetDependency */,
			);
			fileSystemSynchronizedGroups = (
				080C62F42CE667D000A28546 /* CreatingLidarModelTests */,
			);
			name = CreatingLidarModelTests;
			packageProductDependencies = (
			);
			productName = CreatingLidarModelTests;
			productReference = 080C62F12CE667D000A28546 /* CreatingLidarModelTests.xctest */;
			productType = "com.apple.product-type.bundle.unit-test";
		};
		080C62FA2CE667D000A28546 /* CreatingLidarModelUITests */ = {
			isa = PBXNativeTarget;
			buildConfigurationList = 080C630B2CE667D000A28546 /* Build configuration list for PBXNativeTarget "CreatingLidarModelUITests" */;
			buildPhases = (
				080C62F72CE667D000A28546 /* Sources */,
				080C62F82CE667D000A28546 /* Frameworks */,
				080C62F92CE667D000A28546 /* Resources */,
			);
			buildRules = (
			);
			dependencies = (
				080C62FD2CE667D000A28546 /* PBXTargetDependency */,
			);
			fileSystemSynchronizedGroups = (
				080C62FE2CE667D000A28546 /* CreatingLidarModelUITests */,
			);
			name = CreatingLidarModelUITests;
			packageProductDependencies = (
			);
			productName = CreatingLidarModelUITests;
			productReference = 080C62FB2CE667D000A28546 /* CreatingLidarModelUITests.xctest */;
			productType = "com.apple.product-type.bundle.ui-testing";
		};
/* End PBXNativeTarget section */

/* Begin PBXProject section */
		080C62D72CE667CC00A28546 /* Project object */ = {
			isa = PBXProject;
			attributes = {
				BuildIndependentTargetsInParallel = 1;
				LastSwiftUpdateCheck = 1610;
				LastUpgradeCheck = 1610;
				TargetAttributes = {
					080C62DE2CE667CC00A28546 = {
						CreatedOnToolsVersion = 16.1;
					};
					080C62F02CE667D000A28546 = {
						CreatedOnToolsVersion = 16.1;
						TestTargetID = 080C62DE2CE667CC00A28546;
					};
					080C62FA2CE667D000A28546 = {
						CreatedOnToolsVersion = 16.1;
						TestTargetID = 080C62DE2CE667CC00A28546;
					};
				};
			};
			buildConfigurationList = 080C62DA2CE667CC00A28546 /* Build configuration list for PBXProject "CreatingLidarModel" */;
			developmentRegion = en;
			hasScannedForEncodings = 0;
			knownRegions = (
				en,
				Base,
			);
			mainGroup = 080C62D62CE667CC00A28546;
			minimizedProjectReferenceProxies = 1;
			preferredProjectObjectVersion = 77;
			productRefGroup = 080C62E02CE667CC00A28546 /* Products */;
			projectDirPath = "";
			projectRoot = "";
			targets = (
				080C62DE2CE667CC00A28546 /* CreatingLidarModel */,
				080C62F02CE667D000A28546 /* CreatingLidarModelTests */,
				080C62FA2CE667D000A28546 /* CreatingLidarModelUITests */,
			);
		};
/* End PBXProject section */

/* Begin PBXResourcesBuildPhase section */
		080C62DD2CE667CC00A28546 /* Resources */ = {
			isa = PBXResourcesBuildPhase;
			buildActionMask = 2147483647;
			files = (
			);
			runOnlyForDeploymentPostprocessing = 0;
		};
		080C62EF2CE667D000A28546 /* Resources */ = {
			isa = PBXResourcesBuildPhase;
			buildActionMask = 2147483647;
			files = (
			);
			runOnlyForDeploymentPostprocessing = 0;
		};
		080C62F92CE667D000A28546 /* Resources */ = {
			isa = PBXResourcesBuildPhase;
			buildActionMask = 2147483647;
			files = (
			);
			runOnlyForDeploymentPostprocessing = 0;
		};
/* End PBXResourcesBuildPhase section */

/* Begin PBXSourcesBuildPhase section */
		080C62DB2CE667CC00A28546 /* Sources */ = {
			isa = PBXSourcesBuildPhase;
			buildActionMask = 2147483647;
			files = (
			);
			runOnlyForDeploymentPostprocessing = 0;
		};
		080C62ED2CE667D000A28546 /* Sources */ = {
			isa = PBXSourcesBuildPhase;
			buildActionMask = 2147483647;
			files = (
			);
			runOnlyForDeploymentPostprocessing = 0;
		};
		080C62F72CE667D000A28546 /* Sources */ = {
			isa = PBXSourcesBuildPhase;
			buildActionMask = 2147483647;
			files = (
			);
			runOnlyForDeploymentPostprocessing = 0;
		};
/* End PBXSourcesBuildPhase section */

/* Begin PBXTargetDependency section */
		080C62F32CE667D000A28546 /* PBXTargetDependency */ = {
			isa = PBXTargetDependency;
			target = 080C62DE2CE667CC00A28546 /* CreatingLidarModel */;
			targetProxy = 080C62F22CE667D000A28546 /* PBXContainerItemProxy */;
		};
		080C62FD2CE667D000A28546 /* PBXTargetDependency */ = {
			isa = PBXTargetDependency;
			target = 080C62DE2CE667CC00A28546 /* CreatingLidarModel */;
			targetProxy = 080C62FC2CE667D000A28546 /* PBXContainerItemProxy */;
		};
/* End PBXTargetDependency section */

/* Begin XCBuildConfiguration section */
		080C63032CE667D000A28546 /* Debug */ = {
			isa = XCBuildConfiguration;
			buildSettings = {
				ALWAYS_SEARCH_USER_PATHS = NO;
				ASSETCATALOG_COMPILER_GENERATE_SWIFT_ASSET_SYMBOL_EXTENSIONS = YES;
				CLANG_ANALYZER_NONNULL = YES;
				CLANG_ANALYZER_NUMBER_OBJECT_CONVERSION = YES_AGGRESSIVE;
				CLANG_CXX_LANGUAGE_STANDARD = "gnu++20";
				CLANG_ENABLE_MODULES = YES;
				CLANG_ENABLE_OBJC_ARC = YES;
				CLANG_ENABLE_OBJC_WEAK = YES;
				CLANG_WARN_BLOCK_CAPTURE_AUTORELEASING = YES;
				CLANG_WARN_BOOL_CONVERSION = YES;
				CLANG_WARN_COMMA = YES;
				CLANG_WARN_CONSTANT_CONVERSION = YES;
				CLANG_WARN_DEPRECATED_OBJC_IMPLEMENTATIONS = YES;
				CLANG_WARN_DIRECT_OBJC_ISA_USAGE = YES_ERROR;
				CLANG_WARN_DOCUMENTATION_COMMENTS = YES;
				CLANG_WARN_EMPTY_BODY = YES;
				CLANG_WARN_ENUM_CONVERSION = YES;
				CLANG_WARN_INFINITE_RECURSION = YES;
				CLANG_WARN_INT_CONVERSION = YES;
				CLANG_WARN_NON_LITERAL_NULL_CONVERSION = YES;
				CLANG_WARN_OBJC_IMPLICIT_RETAIN_SELF = YES;
				CLANG_WARN_OBJC_LITERAL_CONVERSION = YES;
				CLANG_WARN_OBJC_ROOT_CLASS = YES_ERROR;
				CLANG_WARN_QUOTED_INCLUDE_IN_FRAMEWORK_HEADER = YES;
				CLANG_WARN_RANGE_LOOP_ANALYSIS = YES;
				CLANG_WARN_STRICT_PROTOTYPES = YES;
				CLANG_WARN_SUSPICIOUS_MOVE = YES;
				CLANG_WARN_UNGUARDED_AVAILABILITY = YES_AGGRESSIVE;
				CLANG_WARN_UNREACHABLE_CODE = YES;
				CLANG_WARN__DUPLICATE_METHOD_MATCH = YES;
				COPY_PHASE_STRIP = NO;
				DEBUG_INFORMATION_FORMAT = dwarf;
				ENABLE_STRICT_OBJC_MSGSEND = YES;
				ENABLE_TESTABILITY = YES;
				ENABLE_USER_SCRIPT_SANDBOXING = YES;
				GCC_C_LANGUAGE_STANDARD = gnu17;
				GCC_DYNAMIC_NO_PIC = NO;
				GCC_NO_COMMON_BLOCKS = YES;
				GCC_OPTIMIZATION_LEVEL = 0;
				GCC_PREPROCESSOR_DEFINITIONS = (
					"DEBUG=1",
					"$(inherited)",
				);
				GCC_WARN_64_TO_32_BIT_CONVERSION = YES;
				GCC_WARN_ABOUT_RETURN_TYPE = YES_ERROR;
				GCC_WARN_UNDECLARED_SELECTOR = YES;
				GCC_WARN_UNINITIALIZED_AUTOS = YES_AGGRESSIVE;
				GCC_WARN_UNUSED_FUNCTION = YES;
				GCC_WARN_UNUSED_VARIABLE = YES;
				IPHONEOS_DEPLOYMENT_TARGET = 18.1;
				LOCALIZATION_PREFERS_STRING_CATALOGS = YES;
				MTL_ENABLE_DEBUG_INFO = INCLUDE_SOURCE;
				MTL_FAST_MATH = YES;
				ONLY_ACTIVE_ARCH = YES;
				SDKROOT = iphoneos;
				SWIFT_ACTIVE_COMPILATION_CONDITIONS = "DEBUG $(inherited)";
				SWIFT_OPTIMIZATION_LEVEL = "-Onone";
			};
			name = Debug;
		};
		080C63042CE667D000A28546 /* Release */ = {
			isa = XCBuildConfiguration;
			buildSettings = {
				ALWAYS_SEARCH_USER_PATHS = NO;
				ASSETCATALOG_COMPILER_GENERATE_SWIFT_ASSET_SYMBOL_EXTENSIONS = YES;
				CLANG_ANALYZER_NONNULL = YES;
				CLANG_ANALYZER_NUMBER_OBJECT_CONVERSION = YES_AGGRESSIVE;
				CLANG_CXX_LANGUAGE_STANDARD = "gnu++20";
				CLANG_ENABLE_MODULES = YES;
				CLANG_ENABLE_OBJC_ARC = YES;
				CLANG_ENABLE_OBJC_WEAK = YES;
				CLANG_WARN_BLOCK_CAPTURE_AUTORELEASING = YES;
				CLANG_WARN_BOOL_CONVERSION = YES;
				CLANG_WARN_COMMA = YES;
				CLANG_WARN_CONSTANT_CONVERSION = YES;
				CLANG_WARN_DEPRECATED_OBJC_IMPLEMENTATIONS = YES;
				CLANG_WARN_DIRECT_OBJC_ISA_USAGE = YES_ERROR;
				CLANG_WARN_DOCUMENTATION_COMMENTS = YES;
				CLANG_WARN_EMPTY_BODY = YES;
				CLANG_WARN_ENUM_CONVERSION = YES;
				CLANG_WARN_INFINITE_RECURSION = YES;
				CLANG_WARN_INT_CONVERSION = YES;
				CLANG_WARN_NON_LITERAL_NULL_CONVERSION = YES;
				CLANG_WARN_OBJC_IMPLICIT_RETAIN_SELF = YES;
				CLANG_WARN_OBJC_LITERAL_CONVERSION = YES;
				CLANG_WARN_OBJC_ROOT_CLASS = YES_ERROR;
				CLANG_WARN_QUOTED_INCLUDE_IN_FRAMEWORK_HEADER = YES;
				CLANG_WARN_RANGE_LOOP_ANALYSIS = YES;
				CLANG_WARN_STRICT_PROTOTYPES = YES;
				CLANG_WARN_SUSPICIOUS_MOVE = YES;
				CLANG_WARN_UNGUARDED_AVAILABILITY = YES_AGGRESSIVE;
				CLANG_WARN_UNREACHABLE_CODE = YES;
				CLANG_WARN__DUPLICATE_METHOD_MATCH = YES;
				COPY_PHASE_STRIP = NO;
				DEBUG_INFORMATION_FORMAT = "dwarf-with-dsym";
				ENABLE_NS_ASSERTIONS = NO;
				ENABLE_STRICT_OBJC_MSGSEND = YES;
				ENABLE_USER_SCRIPT_SANDBOXING = YES;
				GCC_C_LANGUAGE_STANDARD = gnu17;
				GCC_NO_COMMON_BLOCKS = YES;
				GCC_WARN_64_TO_32_BIT_CONVERSION = YES;
				GCC_WARN_ABOUT_RETURN_TYPE = YES_ERROR;
				GCC_WARN_UNDECLARED_SELECTOR = YES;
				GCC_WARN_UNINITIALIZED_AUTOS = YES_AGGRESSIVE;
				GCC_WARN_UNUSED_FUNCTION = YES;
				GCC_WARN_UNUSED_VARIABLE = YES;
				IPHONEOS_DEPLOYMENT_TARGET = 18.1;
				LOCALIZATION_PREFERS_STRING_CATALOGS = YES;
				MTL_ENABLE_DEBUG_INFO = NO;
				MTL_FAST_MATH = YES;
				SDKROOT = iphoneos;
				SWIFT_COMPILATION_MODE = wholemodule;
				VALIDATE_PRODUCT = YES;
			};
			name = Release;
		};
		080C63062CE667D000A28546 /* Debug */ = {
			isa = XCBuildConfiguration;
			buildSettings = {
				ASSETCATALOG_COMPILER_APPICON_NAME = AppIcon;
				ASSETCATALOG_COMPILER_GLOBAL_ACCENT_COLOR_NAME = AccentColor;
				CODE_SIGN_STYLE = Automatic;
				CURRENT_PROJECT_VERSION = 1;
				DEVELOPMENT_ASSET_PATHS = "\"CreatingLidarModel/Preview Content\"";
				DEVELOPMENT_TEAM = KR4RNT2VTB;
				ENABLE_PREVIEWS = YES;
				GENERATE_INFOPLIST_FILE = YES;
				INFOPLIST_KEY_NSCameraUsageDescription = "\"Using camera for LIDAR\"";
				INFOPLIST_KEY_UIApplicationSceneManifest_Generation = YES;
				INFOPLIST_KEY_UIApplicationSupportsIndirectInputEvents = YES;
				INFOPLIST_KEY_UILaunchScreen_Generation = YES;
				INFOPLIST_KEY_UISupportedInterfaceOrientations_iPad = "UIInterfaceOrientationPortrait UIInterfaceOrientationPortraitUpsideDown UIInterfaceOrientationLandscapeLeft UIInterfaceOrientationLandscapeRight";
				INFOPLIST_KEY_UISupportedInterfaceOrientations_iPhone = "UIInterfaceOrientationPortrait UIInterfaceOrientationLandscapeLeft UIInterfaceOrientationLandscapeRight";
				IPHONEOS_DEPLOYMENT_TARGET = 18.0;
				LD_RUNPATH_SEARCH_PATHS = (
					"$(inherited)",
					"@executable_path/Frameworks",
				);
				MARKETING_VERSION = 1.0;
				PRODUCT_BUNDLE_IDENTIFIER = com.original.CreatingLidarModel;
				PRODUCT_NAME = "$(TARGET_NAME)";
				SWIFT_EMIT_LOC_STRINGS = YES;
				SWIFT_VERSION = 5.0;
				TARGETED_DEVICE_FAMILY = "1,2";
			};
			name = Debug;
		};
		080C63072CE667D000A28546 /* Release */ = {
			isa = XCBuildConfiguration;
			buildSettings = {
				ASSETCATALOG_COMPILER_APPICON_NAME = AppIcon;
				ASSETCATALOG_COMPILER_GLOBAL_ACCENT_COLOR_NAME = AccentColor;
				CODE_SIGN_STYLE = Automatic;
				CURRENT_PROJECT_VERSION = 1;
				DEVELOPMENT_ASSET_PATHS = "\"CreatingLidarModel/Preview Content\"";
				DEVELOPMENT_TEAM = KR4RNT2VTB;
				ENABLE_PREVIEWS = YES;
				GENERATE_INFOPLIST_FILE = YES;
				INFOPLIST_KEY_NSCameraUsageDescription = "\"Using camera for LIDAR\"";
				INFOPLIST_KEY_UIApplicationSceneManifest_Generation = YES;
				INFOPLIST_KEY_UIApplicationSupportsIndirectInputEvents = YES;
				INFOPLIST_KEY_UILaunchScreen_Generation = YES;
				INFOPLIST_KEY_UISupportedInterfaceOrientations_iPad = "UIInterfaceOrientationPortrait UIInterfaceOrientationPortraitUpsideDown UIInterfaceOrientationLandscapeLeft UIInterfaceOrientationLandscapeRight";
				INFOPLIST_KEY_UISupportedInterfaceOrientations_iPhone = "UIInterfaceOrientationPortrait UIInterfaceOrientationLandscapeLeft UIInterfaceOrientationLandscapeRight";
				IPHONEOS_DEPLOYMENT_TARGET = 18.0;
				LD_RUNPATH_SEARCH_PATHS = (
					"$(inherited)",
					"@executable_path/Frameworks",
				);
				MARKETING_VERSION = 1.0;
				PRODUCT_BUNDLE_IDENTIFIER = com.original.CreatingLidarModel;
				PRODUCT_NAME = "$(TARGET_NAME)";
				SWIFT_EMIT_LOC_STRINGS = YES;
				SWIFT_VERSION = 5.0;
				TARGETED_DEVICE_FAMILY = "1,2";
			};
			name = Release;
		};
		080C63092CE667D000A28546 /* Debug */ = {
			isa = XCBuildConfiguration;
			buildSettings = {
				BUNDLE_LOADER = "$(TEST_HOST)";
				CODE_SIGN_STYLE = Automatic;
				CURRENT_PROJECT_VERSION = 1;
				DEVELOPMENT_TEAM = KR4RNT2VTB;
				GENERATE_INFOPLIST_FILE = YES;
				IPHONEOS_DEPLOYMENT_TARGET = 18.1;
				MARKETING_VERSION = 1.0;
				PRODUCT_BUNDLE_IDENTIFIER = com.original.CreatingLidarModelTests;
				PRODUCT_NAME = "$(TARGET_NAME)";
				SWIFT_EMIT_LOC_STRINGS = NO;
				SWIFT_VERSION = 5.0;
				TARGETED_DEVICE_FAMILY = "1,2";
				TEST_HOST = "$(BUILT_PRODUCTS_DIR)/CreatingLidarModel.app/$(BUNDLE_EXECUTABLE_FOLDER_PATH)/CreatingLidarModel";
			};
			name = Debug;
		};
		080C630A2CE667D000A28546 /* Release */ = {
			isa = XCBuildConfiguration;
			buildSettings = {
				BUNDLE_LOADER = "$(TEST_HOST)";
				CODE_SIGN_STYLE = Automatic;
				CURRENT_PROJECT_VERSION = 1;
				DEVELOPMENT_TEAM = KR4RNT2VTB;
				GENERATE_INFOPLIST_FILE = YES;
				IPHONEOS_DEPLOYMENT_TARGET = 18.1;
				MARKETING_VERSION = 1.0;
				PRODUCT_BUNDLE_IDENTIFIER = com.original.CreatingLidarModelTests;
				PRODUCT_NAME = "$(TARGET_NAME)";
				SWIFT_EMIT_LOC_STRINGS = NO;
				SWIFT_VERSION = 5.0;
				TARGETED_DEVICE_FAMILY = "1,2";
				TEST_HOST = "$(BUILT_PRODUCTS_DIR)/CreatingLidarModel.app/$(BUNDLE_EXECUTABLE_FOLDER_PATH)/CreatingLidarModel";
			};
			name = Release;
		};
		080C630C2CE667D000A28546 /* Debug */ = {
			isa = XCBuildConfiguration;
			buildSettings = {
				CODE_SIGN_STYLE = Automatic;
				CURRENT_PROJECT_VERSION = 1;
				DEVELOPMENT_TEAM = KR4RNT2VTB;
				GENERATE_INFOPLIST_FILE = YES;
				MARKETING_VERSION = 1.0;
				PRODUCT_BUNDLE_IDENTIFIER = com.original.CreatingLidarModelUITests;
				PRODUCT_NAME = "$(TARGET_NAME)";
				SWIFT_EMIT_LOC_STRINGS = NO;
				SWIFT_VERSION = 5.0;
				TARGETED_DEVICE_FAMILY = "1,2";
				TEST_TARGET_NAME = CreatingLidarModel;
			};
			name = Debug;
		};
		080C630D2CE667D000A28546 /* Release */ = {
			isa = XCBuildConfiguration;
			buildSettings = {
				CODE_SIGN_STYLE = Automatic;
				CURRENT_PROJECT_VERSION = 1;
				DEVELOPMENT_TEAM = KR4RNT2VTB;
				GENERATE_INFOPLIST_FILE = YES;
				MARKETING_VERSION = 1.0;
				PRODUCT_BUNDLE_IDENTIFIER = com.original.CreatingLidarModelUITests;
				PRODUCT_NAME = "$(TARGET_NAME)";
				SWIFT_EMIT_LOC_STRINGS = NO;
				SWIFT_VERSION = 5.0;
				TARGETED_DEVICE_FAMILY = "1,2";
				TEST_TARGET_NAME = CreatingLidarModel;
			};
			name = Release;
		};
/* End XCBuildConfiguration section */

/* Begin XCConfigurationList section */
		080C62DA2CE667CC00A28546 /* Build configuration list for PBXProject "CreatingLidarModel" */ = {
			isa = XCConfigurationList;
			buildConfigurations = (
				080C63032CE667D000A28546 /* Debug */,
				080C63042CE667D000A28546 /* Release */,
			);
			defaultConfigurationIsVisible = 0;
			defaultConfigurationName = Release;
		};
		080C63052CE667D000A28546 /* Build configuration list for PBXNativeTarget "CreatingLidarModel" */ = {
			isa = XCConfigurationList;
			buildConfigurations = (
				080C63062CE667D000A28546 /* Debug */,
				080C63072CE667D000A28546 /* Release */,
			);
			defaultConfigurationIsVisible = 0;
			defaultConfigurationName = Release;
		};
		080C63082CE667D000A28546 /* Build configuration list for PBXNativeTarget "CreatingLidarModelTests" */ = {
			isa = XCConfigurationList;
			buildConfigurations = (
				080C63092CE667D000A28546 /* Debug */,
				080C630A2CE667D000A28546 /* Release */,
			);
			defaultConfigurationIsVisible = 0;
			defaultConfigurationName = Release;
		};
		080C630B2CE667D000A28546 /* Build configuration list for PBXNativeTarget "CreatingLidarModelUITests" */ = {
			isa = XCConfigurationList;
			buildConfigurations = (
				080C630C2CE667D000A28546 /* Debug */,
				080C630D2CE667D000A28546 /* Release */,
			);
			defaultConfigurationIsVisible = 0;
			defaultConfigurationName = Release;
		};
/* End XCConfigurationList section */
	};
	rootObject = 080C62D72CE667CC00A28546 /* Project object */;
}
