// !$*UTF8*$!
{
	archiveVersion = 1;
	classes = {
	};
	objectVersion = 77;
	objects = {

/* Begin PBXContainerItemProxy section */
		08FB170B2D5EEA85005D4AB8 /* PBXContainerItemProxy */ = {
			isa = PBXContainerItemProxy;
			containerPortal = 08FB16F02D5EEA82005D4AB8 /* Project object */;
			proxyType = 1;
			remoteGlobalIDString = 08FB16F72D5EEA82005D4AB8;
			remoteInfo = C_ALL_Avoidance_Path_Bluetooth;
		};
		08FB17152D5EEA85005D4AB8 /* PBXContainerItemProxy */ = {
			isa = PBXContainerItemProxy;
			containerPortal = 08FB16F02D5EEA82005D4AB8 /* Project object */;
			proxyType = 1;
			remoteGlobalIDString = 08FB16F72D5EEA82005D4AB8;
			remoteInfo = C_ALL_Avoidance_Path_Bluetooth;
		};
/* End PBXContainerItemProxy section */

/* Begin PBXFileReference section */
		08FB16F82D5EEA83005D4AB8 /* C_ALL_Avoidance_Path_Bluetooth.app */ = {isa = PBXFileReference; explicitFileType = wrapper.application; includeInIndex = 0; path = C_ALL_Avoidance_Path_Bluetooth.app; sourceTree = BUILT_PRODUCTS_DIR; };
		08FB170A2D5EEA85005D4AB8 /* C_ALL_Avoidance_Path_BluetoothTests.xctest */ = {isa = PBXFileReference; explicitFileType = wrapper.cfbundle; includeInIndex = 0; path = C_ALL_Avoidance_Path_BluetoothTests.xctest; sourceTree = BUILT_PRODUCTS_DIR; };
		08FB17142D5EEA85005D4AB8 /* C_ALL_Avoidance_Path_BluetoothUITests.xctest */ = {isa = PBXFileReference; explicitFileType = wrapper.cfbundle; includeInIndex = 0; path = C_ALL_Avoidance_Path_BluetoothUITests.xctest; sourceTree = BUILT_PRODUCTS_DIR; };
/* End PBXFileReference section */

/* Begin PBXFileSystemSynchronizedRootGroup section */
		08FB16FA2D5EEA83005D4AB8 /* C_ALL_Avoidance_Path_Bluetooth */ = {
			isa = PBXFileSystemSynchronizedRootGroup;
			path = C_ALL_Avoidance_Path_Bluetooth;
			sourceTree = "<group>";
		};
		08FB170D2D5EEA85005D4AB8 /* C_ALL_Avoidance_Path_BluetoothTests */ = {
			isa = PBXFileSystemSynchronizedRootGroup;
			path = C_ALL_Avoidance_Path_BluetoothTests;
			sourceTree = "<group>";
		};
		08FB17172D5EEA85005D4AB8 /* C_ALL_Avoidance_Path_BluetoothUITests */ = {
			isa = PBXFileSystemSynchronizedRootGroup;
			path = C_ALL_Avoidance_Path_BluetoothUITests;
			sourceTree = "<group>";
		};
/* End PBXFileSystemSynchronizedRootGroup section */

/* Begin PBXFrameworksBuildPhase section */
		08FB16F52D5EEA82005D4AB8 /* Frameworks */ = {
			isa = PBXFrameworksBuildPhase;
			buildActionMask = 2147483647;
			files = (
			);
			runOnlyForDeploymentPostprocessing = 0;
		};
		08FB17072D5EEA85005D4AB8 /* Frameworks */ = {
			isa = PBXFrameworksBuildPhase;
			buildActionMask = 2147483647;
			files = (
			);
			runOnlyForDeploymentPostprocessing = 0;
		};
		08FB17112D5EEA85005D4AB8 /* Frameworks */ = {
			isa = PBXFrameworksBuildPhase;
			buildActionMask = 2147483647;
			files = (
			);
			runOnlyForDeploymentPostprocessing = 0;
		};
/* End PBXFrameworksBuildPhase section */

/* Begin PBXGroup section */
		08FB16EF2D5EEA82005D4AB8 = {
			isa = PBXGroup;
			children = (
				08FB16FA2D5EEA83005D4AB8 /* C_ALL_Avoidance_Path_Bluetooth */,
				08FB170D2D5EEA85005D4AB8 /* C_ALL_Avoidance_Path_BluetoothTests */,
				08FB17172D5EEA85005D4AB8 /* C_ALL_Avoidance_Path_BluetoothUITests */,
				08FB16F92D5EEA83005D4AB8 /* Products */,
			);
			sourceTree = "<group>";
		};
		08FB16F92D5EEA83005D4AB8 /* Products */ = {
			isa = PBXGroup;
			children = (
				08FB16F82D5EEA83005D4AB8 /* C_ALL_Avoidance_Path_Bluetooth.app */,
				08FB170A2D5EEA85005D4AB8 /* C_ALL_Avoidance_Path_BluetoothTests.xctest */,
				08FB17142D5EEA85005D4AB8 /* C_ALL_Avoidance_Path_BluetoothUITests.xctest */,
			);
			name = Products;
			sourceTree = "<group>";
		};
/* End PBXGroup section */

/* Begin PBXNativeTarget section */
		08FB16F72D5EEA82005D4AB8 /* C_ALL_Avoidance_Path_Bluetooth */ = {
			isa = PBXNativeTarget;
			buildConfigurationList = 08FB171E2D5EEA85005D4AB8 /* Build configuration list for PBXNativeTarget "C_ALL_Avoidance_Path_Bluetooth" */;
			buildPhases = (
				08FB16F42D5EEA82005D4AB8 /* Sources */,
				08FB16F52D5EEA82005D4AB8 /* Frameworks */,
				08FB16F62D5EEA82005D4AB8 /* Resources */,
			);
			buildRules = (
			);
			dependencies = (
			);
			fileSystemSynchronizedGroups = (
				08FB16FA2D5EEA83005D4AB8 /* C_ALL_Avoidance_Path_Bluetooth */,
			);
			name = C_ALL_Avoidance_Path_Bluetooth;
			packageProductDependencies = (
			);
			productName = C_ALL_Avoidance_Path_Bluetooth;
			productReference = 08FB16F82D5EEA83005D4AB8 /* C_ALL_Avoidance_Path_Bluetooth.app */;
			productType = "com.apple.product-type.application";
		};
		08FB17092D5EEA85005D4AB8 /* C_ALL_Avoidance_Path_BluetoothTests */ = {
			isa = PBXNativeTarget;
			buildConfigurationList = 08FB17212D5EEA85005D4AB8 /* Build configuration list for PBXNativeTarget "C_ALL_Avoidance_Path_BluetoothTests" */;
			buildPhases = (
				08FB17062D5EEA85005D4AB8 /* Sources */,
				08FB17072D5EEA85005D4AB8 /* Frameworks */,
				08FB17082D5EEA85005D4AB8 /* Resources */,
			);
			buildRules = (
			);
			dependencies = (
				08FB170C2D5EEA85005D4AB8 /* PBXTargetDependency */,
			);
			fileSystemSynchronizedGroups = (
				08FB170D2D5EEA85005D4AB8 /* C_ALL_Avoidance_Path_BluetoothTests */,
			);
			name = C_ALL_Avoidance_Path_BluetoothTests;
			packageProductDependencies = (
			);
			productName = C_ALL_Avoidance_Path_BluetoothTests;
			productReference = 08FB170A2D5EEA85005D4AB8 /* C_ALL_Avoidance_Path_BluetoothTests.xctest */;
			productType = "com.apple.product-type.bundle.unit-test";
		};
		08FB17132D5EEA85005D4AB8 /* C_ALL_Avoidance_Path_BluetoothUITests */ = {
			isa = PBXNativeTarget;
			buildConfigurationList = 08FB17242D5EEA85005D4AB8 /* Build configuration list for PBXNativeTarget "C_ALL_Avoidance_Path_BluetoothUITests" */;
			buildPhases = (
				08FB17102D5EEA85005D4AB8 /* Sources */,
				08FB17112D5EEA85005D4AB8 /* Frameworks */,
				08FB17122D5EEA85005D4AB8 /* Resources */,
			);
			buildRules = (
			);
			dependencies = (
				08FB17162D5EEA85005D4AB8 /* PBXTargetDependency */,
			);
			fileSystemSynchronizedGroups = (
				08FB17172D5EEA85005D4AB8 /* C_ALL_Avoidance_Path_BluetoothUITests */,
			);
			name = C_ALL_Avoidance_Path_BluetoothUITests;
			packageProductDependencies = (
			);
			productName = C_ALL_Avoidance_Path_BluetoothUITests;
			productReference = 08FB17142D5EEA85005D4AB8 /* C_ALL_Avoidance_Path_BluetoothUITests.xctest */;
			productType = "com.apple.product-type.bundle.ui-testing";
		};
/* End PBXNativeTarget section */

/* Begin PBXProject section */
		08FB16F02D5EEA82005D4AB8 /* Project object */ = {
			isa = PBXProject;
			attributes = {
				BuildIndependentTargetsInParallel = 1;
				LastSwiftUpdateCheck = 1620;
				LastUpgradeCheck = 1620;
				TargetAttributes = {
					08FB16F72D5EEA82005D4AB8 = {
						CreatedOnToolsVersion = 16.2;
					};
					08FB17092D5EEA85005D4AB8 = {
						CreatedOnToolsVersion = 16.2;
						TestTargetID = 08FB16F72D5EEA82005D4AB8;
					};
					08FB17132D5EEA85005D4AB8 = {
						CreatedOnToolsVersion = 16.2;
						TestTargetID = 08FB16F72D5EEA82005D4AB8;
					};
				};
			};
			buildConfigurationList = 08FB16F32D5EEA82005D4AB8 /* Build configuration list for PBXProject "C_ALL_Avoidance_Path_Bluetooth" */;
			developmentRegion = en;
			hasScannedForEncodings = 0;
			knownRegions = (
				en,
				Base,
			);
			mainGroup = 08FB16EF2D5EEA82005D4AB8;
			minimizedProjectReferenceProxies = 1;
			preferredProjectObjectVersion = 77;
			productRefGroup = 08FB16F92D5EEA83005D4AB8 /* Products */;
			projectDirPath = "";
			projectRoot = "";
			targets = (
				08FB16F72D5EEA82005D4AB8 /* C_ALL_Avoidance_Path_Bluetooth */,
				08FB17092D5EEA85005D4AB8 /* C_ALL_Avoidance_Path_BluetoothTests */,
				08FB17132D5EEA85005D4AB8 /* C_ALL_Avoidance_Path_BluetoothUITests */,
			);
		};
/* End PBXProject section */

/* Begin PBXResourcesBuildPhase section */
		08FB16F62D5EEA82005D4AB8 /* Resources */ = {
			isa = PBXResourcesBuildPhase;
			buildActionMask = 2147483647;
			files = (
			);
			runOnlyForDeploymentPostprocessing = 0;
		};
		08FB17082D5EEA85005D4AB8 /* Resources */ = {
			isa = PBXResourcesBuildPhase;
			buildActionMask = 2147483647;
			files = (
			);
			runOnlyForDeploymentPostprocessing = 0;
		};
		08FB17122D5EEA85005D4AB8 /* Resources */ = {
			isa = PBXResourcesBuildPhase;
			buildActionMask = 2147483647;
			files = (
			);
			runOnlyForDeploymentPostprocessing = 0;
		};
/* End PBXResourcesBuildPhase section */

/* Begin PBXSourcesBuildPhase section */
		08FB16F42D5EEA82005D4AB8 /* Sources */ = {
			isa = PBXSourcesBuildPhase;
			buildActionMask = 2147483647;
			files = (
			);
			runOnlyForDeploymentPostprocessing = 0;
		};
		08FB17062D5EEA85005D4AB8 /* Sources */ = {
			isa = PBXSourcesBuildPhase;
			buildActionMask = 2147483647;
			files = (
			);
			runOnlyForDeploymentPostprocessing = 0;
		};
		08FB17102D5EEA85005D4AB8 /* Sources */ = {
			isa = PBXSourcesBuildPhase;
			buildActionMask = 2147483647;
			files = (
			);
			runOnlyForDeploymentPostprocessing = 0;
		};
/* End PBXSourcesBuildPhase section */

/* Begin PBXTargetDependency section */
		08FB170C2D5EEA85005D4AB8 /* PBXTargetDependency */ = {
			isa = PBXTargetDependency;
			target = 08FB16F72D5EEA82005D4AB8 /* C_ALL_Avoidance_Path_Bluetooth */;
			targetProxy = 08FB170B2D5EEA85005D4AB8 /* PBXContainerItemProxy */;
		};
		08FB17162D5EEA85005D4AB8 /* PBXTargetDependency */ = {
			isa = PBXTargetDependency;
			target = 08FB16F72D5EEA82005D4AB8 /* C_ALL_Avoidance_Path_Bluetooth */;
			targetProxy = 08FB17152D5EEA85005D4AB8 /* PBXContainerItemProxy */;
		};
/* End PBXTargetDependency section */

/* Begin XCBuildConfiguration section */
		08FB171C2D5EEA85005D4AB8 /* Debug */ = {
			isa = XCBuildConfiguration;
			buildSettings = {
				ALWAYS_SEARCH_USER_PATHS = NO;
				ASSETCATALOG_COMPILER_GENERATE_SWIFT_ASSET_SYMBOL_EXTENSIONS = YES;
				CLANG_ANALYZER_NONNULL = YES;
				CLANG_ANALYZER_NUMBER_OBJECT_CONVERSION = YES_AGGRESSIVE;
				CLANG_CXX_LANGUAGE_STANDARD = "gnu++20";
				CLANG_ENABLE_MODULES = YES;
				CLANG_ENABLE_OBJC_ARC = YES;
				CLANG_ENABLE_OBJC_WEAK = YES;
				CLANG_WARN_BLOCK_CAPTURE_AUTORELEASING = YES;
				CLANG_WARN_BOOL_CONVERSION = YES;
				CLANG_WARN_COMMA = YES;
				CLANG_WARN_CONSTANT_CONVERSION = YES;
				CLANG_WARN_DEPRECATED_OBJC_IMPLEMENTATIONS = YES;
				CLANG_WARN_DIRECT_OBJC_ISA_USAGE = YES_ERROR;
				CLANG_WARN_DOCUMENTATION_COMMENTS = YES;
				CLANG_WARN_EMPTY_BODY = YES;
				CLANG_WARN_ENUM_CONVERSION = YES;
				CLANG_WARN_INFINITE_RECURSION = YES;
				CLANG_WARN_INT_CONVERSION = YES;
				CLANG_WARN_NON_LITERAL_NULL_CONVERSION = YES;
				CLANG_WARN_OBJC_IMPLICIT_RETAIN_SELF = YES;
				CLANG_WARN_OBJC_LITERAL_CONVERSION = YES;
				CLANG_WARN_OBJC_ROOT_CLASS = YES_ERROR;
				CLANG_WARN_QUOTED_INCLUDE_IN_FRAMEWORK_HEADER = YES;
				CLANG_WARN_RANGE_LOOP_ANALYSIS = YES;
				CLANG_WARN_STRICT_PROTOTYPES = YES;
				CLANG_WARN_SUSPICIOUS_MOVE = YES;
				CLANG_WARN_UNGUARDED_AVAILABILITY = YES_AGGRESSIVE;
				CLANG_WARN_UNREACHABLE_CODE = YES;
				CLANG_WARN__DUPLICATE_METHOD_MATCH = YES;
				COPY_PHASE_STRIP = NO;
				DEBUG_INFORMATION_FORMAT = dwarf;
				ENABLE_STRICT_OBJC_MSGSEND = YES;
				ENABLE_TESTABILITY = YES;
				ENABLE_USER_SCRIPT_SANDBOXING = YES;
				GCC_C_LANGUAGE_STANDARD = gnu17;
				GCC_DYNAMIC_NO_PIC = NO;
				GCC_NO_COMMON_BLOCKS = YES;
				GCC_OPTIMIZATION_LEVEL = 0;
				GCC_PREPROCESSOR_DEFINITIONS = (
					"DEBUG=1",
					"$(inherited)",
				);
				GCC_WARN_64_TO_32_BIT_CONVERSION = YES;
				GCC_WARN_ABOUT_RETURN_TYPE = YES_ERROR;
				GCC_WARN_UNDECLARED_SELECTOR = YES;
				GCC_WARN_UNINITIALIZED_AUTOS = YES_AGGRESSIVE;
				GCC_WARN_UNUSED_FUNCTION = YES;
				GCC_WARN_UNUSED_VARIABLE = YES;
				IPHONEOS_DEPLOYMENT_TARGET = 18.2;
				LOCALIZATION_PREFERS_STRING_CATALOGS = YES;
				MTL_ENABLE_DEBUG_INFO = INCLUDE_SOURCE;
				MTL_FAST_MATH = YES;
				ONLY_ACTIVE_ARCH = YES;
				SDKROOT = iphoneos;
				SWIFT_ACTIVE_COMPILATION_CONDITIONS = "DEBUG $(inherited)";
				SWIFT_OPTIMIZATION_LEVEL = "-Onone";
			};
			name = Debug;
		};
		08FB171D2D5EEA85005D4AB8 /* Release */ = {
			isa = XCBuildConfiguration;
			buildSettings = {
				ALWAYS_SEARCH_USER_PATHS = NO;
				ASSETCATALOG_COMPILER_GENERATE_SWIFT_ASSET_SYMBOL_EXTENSIONS = YES;
				CLANG_ANALYZER_NONNULL = YES;
				CLANG_ANALYZER_NUMBER_OBJECT_CONVERSION = YES_AGGRESSIVE;
				CLANG_CXX_LANGUAGE_STANDARD = "gnu++20";
				CLANG_ENABLE_MODULES = YES;
				CLANG_ENABLE_OBJC_ARC = YES;
				CLANG_ENABLE_OBJC_WEAK = YES;
				CLANG_WARN_BLOCK_CAPTURE_AUTORELEASING = YES;
				CLANG_WARN_BOOL_CONVERSION = YES;
				CLANG_WARN_COMMA = YES;
				CLANG_WARN_CONSTANT_CONVERSION = YES;
				CLANG_WARN_DEPRECATED_OBJC_IMPLEMENTATIONS = YES;
				CLANG_WARN_DIRECT_OBJC_ISA_USAGE = YES_ERROR;
				CLANG_WARN_DOCUMENTATION_COMMENTS = YES;
				CLANG_WARN_EMPTY_BODY = YES;
				CLANG_WARN_ENUM_CONVERSION = YES;
				CLANG_WARN_INFINITE_RECURSION = YES;
				CLANG_WARN_INT_CONVERSION = YES;
				CLANG_WARN_NON_LITERAL_NULL_CONVERSION = YES;
				CLANG_WARN_OBJC_IMPLICIT_RETAIN_SELF = YES;
				CLANG_WARN_OBJC_LITERAL_CONVERSION = YES;
				CLANG_WARN_OBJC_ROOT_CLASS = YES_ERROR;
				CLANG_WARN_QUOTED_INCLUDE_IN_FRAMEWORK_HEADER = YES;
				CLANG_WARN_RANGE_LOOP_ANALYSIS = YES;
				CLANG_WARN_STRICT_PROTOTYPES = YES;
				CLANG_WARN_SUSPICIOUS_MOVE = YES;
				CLANG_WARN_UNGUARDED_AVAILABILITY = YES_AGGRESSIVE;
				CLANG_WARN_UNREACHABLE_CODE = YES;
				CLANG_WARN__DUPLICATE_METHOD_MATCH = YES;
				COPY_PHASE_STRIP = NO;
				DEBUG_INFORMATION_FORMAT = "dwarf-with-dsym";
				ENABLE_NS_ASSERTIONS = NO;
				ENABLE_STRICT_OBJC_MSGSEND = YES;
				ENABLE_USER_SCRIPT_SANDBOXING = YES;
				GCC_C_LANGUAGE_STANDARD = gnu17;
				GCC_NO_COMMON_BLOCKS = YES;
				GCC_WARN_64_TO_32_BIT_CONVERSION = YES;
				GCC_WARN_ABOUT_RETURN_TYPE = YES_ERROR;
				GCC_WARN_UNDECLARED_SELECTOR = YES;
				GCC_WARN_UNINITIALIZED_AUTOS = YES_AGGRESSIVE;
				GCC_WARN_UNUSED_FUNCTION = YES;
				GCC_WARN_UNUSED_VARIABLE = YES;
				IPHONEOS_DEPLOYMENT_TARGET = 18.2;
				LOCALIZATION_PREFERS_STRING_CATALOGS = YES;
				MTL_ENABLE_DEBUG_INFO = NO;
				MTL_FAST_MATH = YES;
				SDKROOT = iphoneos;
				SWIFT_COMPILATION_MODE = wholemodule;
				VALIDATE_PRODUCT = YES;
			};
			name = Release;
		};
		08FB171F2D5EEA85005D4AB8 /* Debug */ = {
			isa = XCBuildConfiguration;
			buildSettings = {
				ASSETCATALOG_COMPILER_APPICON_NAME = AppIcon;
				ASSETCATALOG_COMPILER_GLOBAL_ACCENT_COLOR_NAME = AccentColor;
				CODE_SIGN_STYLE = Automatic;
				CURRENT_PROJECT_VERSION = 1;
				DEVELOPMENT_ASSET_PATHS = "\"C_ALL_Avoidance_Path_Bluetooth/Preview Content\"";
				DEVELOPMENT_TEAM = KR4RNT2VTB;
				ENABLE_PREVIEWS = YES;
				GENERATE_INFOPLIST_FILE = YES;
				INFOPLIST_KEY_NSCameraUsageDescription = "";
				INFOPLIST_KEY_NSLocationAlwaysAndWhenInUseUsageDescription = "";
				INFOPLIST_KEY_NSLocationWhenInUseUsageDescription = "";
				INFOPLIST_KEY_NSMotionUsageDescription = "";
				INFOPLIST_KEY_UIApplicationSceneManifest_Generation = YES;
				INFOPLIST_KEY_UIApplicationSupportsIndirectInputEvents = YES;
				INFOPLIST_KEY_UILaunchScreen_Generation = YES;
				INFOPLIST_KEY_UISupportedInterfaceOrientations_iPad = "UIInterfaceOrientationPortrait UIInterfaceOrientationPortraitUpsideDown UIInterfaceOrientationLandscapeLeft UIInterfaceOrientationLandscapeRight";
				INFOPLIST_KEY_UISupportedInterfaceOrientations_iPhone = "UIInterfaceOrientationPortrait UIInterfaceOrientationLandscapeLeft UIInterfaceOrientationLandscapeRight";
				IPHONEOS_DEPLOYMENT_TARGET = 18.0;
				LD_RUNPATH_SEARCH_PATHS = (
					"$(inherited)",
					"@executable_path/Frameworks",
				);
				MARKETING_VERSION = 1.0;
				PRODUCT_BUNDLE_IDENTIFIER = "com.original.C-ALL-Avoidance-Path-Bluetooth";
				PRODUCT_NAME = "$(TARGET_NAME)";
				SWIFT_EMIT_LOC_STRINGS = YES;
				SWIFT_VERSION = 5.0;
				TARGETED_DEVICE_FAMILY = "1,2";
			};
			name = Debug;
		};
		08FB17202D5EEA85005D4AB8 /* Release */ = {
			isa = XCBuildConfiguration;
			buildSettings = {
				ASSETCATALOG_COMPILER_APPICON_NAME = AppIcon;
				ASSETCATALOG_COMPILER_GLOBAL_ACCENT_COLOR_NAME = AccentColor;
				CODE_SIGN_STYLE = Automatic;
				CURRENT_PROJECT_VERSION = 1;
				DEVELOPMENT_ASSET_PATHS = "\"C_ALL_Avoidance_Path_Bluetooth/Preview Content\"";
				DEVELOPMENT_TEAM = KR4RNT2VTB;
				ENABLE_PREVIEWS = YES;
				GENERATE_INFOPLIST_FILE = YES;
				INFOPLIST_KEY_NSCameraUsageDescription = "";
				INFOPLIST_KEY_NSLocationAlwaysAndWhenInUseUsageDescription = "";
				INFOPLIST_KEY_NSLocationWhenInUseUsageDescription = "";
				INFOPLIST_KEY_NSMotionUsageDescription = "";
				INFOPLIST_KEY_UIApplicationSceneManifest_Generation = YES;
				INFOPLIST_KEY_UIApplicationSupportsIndirectInputEvents = YES;
				INFOPLIST_KEY_UILaunchScreen_Generation = YES;
				INFOPLIST_KEY_UISupportedInterfaceOrientations_iPad = "UIInterfaceOrientationPortrait UIInterfaceOrientationPortraitUpsideDown UIInterfaceOrientationLandscapeLeft UIInterfaceOrientationLandscapeRight";
				INFOPLIST_KEY_UISupportedInterfaceOrientations_iPhone = "UIInterfaceOrientationPortrait UIInterfaceOrientationLandscapeLeft UIInterfaceOrientationLandscapeRight";
				IPHONEOS_DEPLOYMENT_TARGET = 18.0;
				LD_RUNPATH_SEARCH_PATHS = (
					"$(inherited)",
					"@executable_path/Frameworks",
				);
				MARKETING_VERSION = 1.0;
				PRODUCT_BUNDLE_IDENTIFIER = "com.original.C-ALL-Avoidance-Path-Bluetooth";
				PRODUCT_NAME = "$(TARGET_NAME)";
				SWIFT_EMIT_LOC_STRINGS = YES;
				SWIFT_VERSION = 5.0;
				TARGETED_DEVICE_FAMILY = "1,2";
			};
			name = Release;
		};
		08FB17222D5EEA85005D4AB8 /* Debug */ = {
			isa = XCBuildConfiguration;
			buildSettings = {
				BUNDLE_LOADER = "$(TEST_HOST)";
				CODE_SIGN_STYLE = Automatic;
				CURRENT_PROJECT_VERSION = 1;
				DEVELOPMENT_TEAM = KR4RNT2VTB;
				GENERATE_INFOPLIST_FILE = YES;
				IPHONEOS_DEPLOYMENT_TARGET = 18.2;
				MARKETING_VERSION = 1.0;
				PRODUCT_BUNDLE_IDENTIFIER = "com.original.C-ALL-Avoidance-Path-BluetoothTests";
				PRODUCT_NAME = "$(TARGET_NAME)";
				SWIFT_EMIT_LOC_STRINGS = NO;
				SWIFT_VERSION = 5.0;
				TARGETED_DEVICE_FAMILY = "1,2";
				TEST_HOST = "$(BUILT_PRODUCTS_DIR)/C_ALL_Avoidance_Path_Bluetooth.app/$(BUNDLE_EXECUTABLE_FOLDER_PATH)/C_ALL_Avoidance_Path_Bluetooth";
			};
			name = Debug;
		};
		08FB17232D5EEA85005D4AB8 /* Release */ = {
			isa = XCBuildConfiguration;
			buildSettings = {
				BUNDLE_LOADER = "$(TEST_HOST)";
				CODE_SIGN_STYLE = Automatic;
				CURRENT_PROJECT_VERSION = 1;
				DEVELOPMENT_TEAM = KR4RNT2VTB;
				GENERATE_INFOPLIST_FILE = YES;
				IPHONEOS_DEPLOYMENT_TARGET = 18.2;
				MARKETING_VERSION = 1.0;
				PRODUCT_BUNDLE_IDENTIFIER = "com.original.C-ALL-Avoidance-Path-BluetoothTests";
				PRODUCT_NAME = "$(TARGET_NAME)";
				SWIFT_EMIT_LOC_STRINGS = NO;
				SWIFT_VERSION = 5.0;
				TARGETED_DEVICE_FAMILY = "1,2";
				TEST_HOST = "$(BUILT_PRODUCTS_DIR)/C_ALL_Avoidance_Path_Bluetooth.app/$(BUNDLE_EXECUTABLE_FOLDER_PATH)/C_ALL_Avoidance_Path_Bluetooth";
			};
			name = Release;
		};
		08FB17252D5EEA85005D4AB8 /* Debug */ = {
			isa = XCBuildConfiguration;
			buildSettings = {
				CODE_SIGN_STYLE = Automatic;
				CURRENT_PROJECT_VERSION = 1;
				DEVELOPMENT_TEAM = KR4RNT2VTB;
				GENERATE_INFOPLIST_FILE = YES;
				MARKETING_VERSION = 1.0;
				PRODUCT_BUNDLE_IDENTIFIER = "com.original.C-ALL-Avoidance-Path-BluetoothUITests";
				PRODUCT_NAME = "$(TARGET_NAME)";
				SWIFT_EMIT_LOC_STRINGS = NO;
				SWIFT_VERSION = 5.0;
				TARGETED_DEVICE_FAMILY = "1,2";
				TEST_TARGET_NAME = C_ALL_Avoidance_Path_Bluetooth;
			};
			name = Debug;
		};
		08FB17262D5EEA85005D4AB8 /* Release */ = {
			isa = XCBuildConfiguration;
			buildSettings = {
				CODE_SIGN_STYLE = Automatic;
				CURRENT_PROJECT_VERSION = 1;
				DEVELOPMENT_TEAM = KR4RNT2VTB;
				GENERATE_INFOPLIST_FILE = YES;
				MARKETING_VERSION = 1.0;
				PRODUCT_BUNDLE_IDENTIFIER = "com.original.C-ALL-Avoidance-Path-BluetoothUITests";
				PRODUCT_NAME = "$(TARGET_NAME)";
				SWIFT_EMIT_LOC_STRINGS = NO;
				SWIFT_VERSION = 5.0;
				TARGETED_DEVICE_FAMILY = "1,2";
				TEST_TARGET_NAME = C_ALL_Avoidance_Path_Bluetooth;
			};
			name = Release;
		};
/* End XCBuildConfiguration section */

/* Begin XCConfigurationList section */
		08FB16F32D5EEA82005D4AB8 /* Build configuration list for PBXProject "C_ALL_Avoidance_Path_Bluetooth" */ = {
			isa = XCConfigurationList;
			buildConfigurations = (
				08FB171C2D5EEA85005D4AB8 /* Debug */,
				08FB171D2D5EEA85005D4AB8 /* Release */,
			);
			defaultConfigurationIsVisible = 0;
			defaultConfigurationName = Release;
		};
		08FB171E2D5EEA85005D4AB8 /* Build configuration list for PBXNativeTarget "C_ALL_Avoidance_Path_Bluetooth" */ = {
			isa = XCConfigurationList;
			buildConfigurations = (
				08FB171F2D5EEA85005D4AB8 /* Debug */,
				08FB17202D5EEA85005D4AB8 /* Release */,
			);
			defaultConfigurationIsVisible = 0;
			defaultConfigurationName = Release;
		};
		08FB17212D5EEA85005D4AB8 /* Build configuration list for PBXNativeTarget "C_ALL_Avoidance_Path_BluetoothTests" */ = {
			isa = XCConfigurationList;
			buildConfigurations = (
				08FB17222D5EEA85005D4AB8 /* Debug */,
				08FB17232D5EEA85005D4AB8 /* Release */,
			);
			defaultConfigurationIsVisible = 0;
			defaultConfigurationName = Release;
		};
		08FB17242D5EEA85005D4AB8 /* Build configuration list for PBXNativeTarget "C_ALL_Avoidance_Path_BluetoothUITests" */ = {
			isa = XCConfigurationList;
			buildConfigurations = (
				08FB17252D5EEA85005D4AB8 /* Debug */,
				08FB17262D5EEA85005D4AB8 /* Release */,
			);
			defaultConfigurationIsVisible = 0;
			defaultConfigurationName = Release;
		};
/* End XCConfigurationList section */
	};
	rootObject = 08FB16F02D5EEA82005D4AB8 /* Project object */;
}
