// !$*UTF8*$!
{
	archiveVersion = 1;
	classes = {
	};
	objectVersion = 77;
	objects = {

/* Begin PBXContainerItemProxy section */
		0841E4B82D497608008A3D69 /* PBXContainerItemProxy */ = {
			isa = PBXContainerItemProxy;
			containerPortal = 0841E49D2D497605008A3D69 /* Project object */;
			proxyType = 1;
			remoteGlobalIDString = 0841E4A42D497605008A3D69;
			remoteInfo = C_ALL_With_Avoidance_Path;
		};
		0841E4C22D497608008A3D69 /* PBXContainerItemProxy */ = {
			isa = PBXContainerItemProxy;
			containerPortal = 0841E49D2D497605008A3D69 /* Project object */;
			proxyType = 1;
			remoteGlobalIDString = 0841E4A42D497605008A3D69;
			remoteInfo = C_ALL_With_Avoidance_Path;
		};
/* End PBXContainerItemProxy section */

/* Begin PBXFileReference section */
		0841E4A52D497605008A3D69 /* C_ALL_With_Avoidance_Path.app */ = {isa = PBXFileReference; explicitFileType = wrapper.application; includeInIndex = 0; path = C_ALL_With_Avoidance_Path.app; sourceTree = BUILT_PRODUCTS_DIR; };
		0841E4B72D497608008A3D69 /* C_ALL_With_Avoidance_PathTests.xctest */ = {isa = PBXFileReference; explicitFileType = wrapper.cfbundle; includeInIndex = 0; path = C_ALL_With_Avoidance_PathTests.xctest; sourceTree = BUILT_PRODUCTS_DIR; };
		0841E4C12D497608008A3D69 /* C_ALL_With_Avoidance_PathUITests.xctest */ = {isa = PBXFileReference; explicitFileType = wrapper.cfbundle; includeInIndex = 0; path = C_ALL_With_Avoidance_PathUITests.xctest; sourceTree = BUILT_PRODUCTS_DIR; };
/* End PBXFileReference section */

/* Begin PBXFileSystemSynchronizedRootGroup section */
		0841E4A72D497605008A3D69 /* C_ALL_With_Avoidance_Path */ = {
			isa = PBXFileSystemSynchronizedRootGroup;
			path = C_ALL_With_Avoidance_Path;
			sourceTree = "<group>";
		};
		0841E4BA2D497608008A3D69 /* C_ALL_With_Avoidance_PathTests */ = {
			isa = PBXFileSystemSynchronizedRootGroup;
			path = C_ALL_With_Avoidance_PathTests;
			sourceTree = "<group>";
		};
		0841E4C42D497608008A3D69 /* C_ALL_With_Avoidance_PathUITests */ = {
			isa = PBXFileSystemSynchronizedRootGroup;
			path = C_ALL_With_Avoidance_PathUITests;
			sourceTree = "<group>";
		};
/* End PBXFileSystemSynchronizedRootGroup section */

/* Begin PBXFrameworksBuildPhase section */
		0841E4A22D497605008A3D69 /* Frameworks */ = {
			isa = PBXFrameworksBuildPhase;
			buildActionMask = 2147483647;
			files = (
			);
			runOnlyForDeploymentPostprocessing = 0;
		};
		0841E4B42D497608008A3D69 /* Frameworks */ = {
			isa = PBXFrameworksBuildPhase;
			buildActionMask = 2147483647;
			files = (
			);
			runOnlyForDeploymentPostprocessing = 0;
		};
		0841E4BE2D497608008A3D69 /* Frameworks */ = {
			isa = PBXFrameworksBuildPhase;
			buildActionMask = 2147483647;
			files = (
			);
			runOnlyForDeploymentPostprocessing = 0;
		};
/* End PBXFrameworksBuildPhase section */

/* Begin PBXGroup section */
		0841E49C2D497605008A3D69 = {
			isa = PBXGroup;
			children = (
				0841E4A72D497605008A3D69 /* C_ALL_With_Avoidance_Path */,
				0841E4BA2D497608008A3D69 /* C_ALL_With_Avoidance_PathTests */,
				0841E4C42D497608008A3D69 /* C_ALL_With_Avoidance_PathUITests */,
				0841E4A62D497605008A3D69 /* Products */,
			);
			sourceTree = "<group>";
		};
		0841E4A62D497605008A3D69 /* Products */ = {
			isa = PBXGroup;
			children = (
				0841E4A52D497605008A3D69 /* C_ALL_With_Avoidance_Path.app */,
				0841E4B72D497608008A3D69 /* C_ALL_With_Avoidance_PathTests.xctest */,
				0841E4C12D497608008A3D69 /* C_ALL_With_Avoidance_PathUITests.xctest */,
			);
			name = Products;
			sourceTree = "<group>";
		};
/* End PBXGroup section */

/* Begin PBXNativeTarget section */
		0841E4A42D497605008A3D69 /* C_ALL_With_Avoidance_Path */ = {
			isa = PBXNativeTarget;
			buildConfigurationList = 0841E4CB2D497608008A3D69 /* Build configuration list for PBXNativeTarget "C_ALL_With_Avoidance_Path" */;
			buildPhases = (
				0841E4A12D497605008A3D69 /* Sources */,
				0841E4A22D497605008A3D69 /* Frameworks */,
				0841E4A32D497605008A3D69 /* Resources */,
			);
			buildRules = (
			);
			dependencies = (
			);
			fileSystemSynchronizedGroups = (
				0841E4A72D497605008A3D69 /* C_ALL_With_Avoidance_Path */,
			);
			name = C_ALL_With_Avoidance_Path;
			packageProductDependencies = (
			);
			productName = C_ALL_With_Avoidance_Path;
			productReference = 0841E4A52D497605008A3D69 /* C_ALL_With_Avoidance_Path.app */;
			productType = "com.apple.product-type.application";
		};
		0841E4B62D497608008A3D69 /* C_ALL_With_Avoidance_PathTests */ = {
			isa = PBXNativeTarget;
			buildConfigurationList = 0841E4CE2D497608008A3D69 /* Build configuration list for PBXNativeTarget "C_ALL_With_Avoidance_PathTests" */;
			buildPhases = (
				0841E4B32D497608008A3D69 /* Sources */,
				0841E4B42D497608008A3D69 /* Frameworks */,
				0841E4B52D497608008A3D69 /* Resources */,
			);
			buildRules = (
			);
			dependencies = (
				0841E4B92D497608008A3D69 /* PBXTargetDependency */,
			);
			fileSystemSynchronizedGroups = (
				0841E4BA2D497608008A3D69 /* C_ALL_With_Avoidance_PathTests */,
			);
			name = C_ALL_With_Avoidance_PathTests;
			packageProductDependencies = (
			);
			productName = C_ALL_With_Avoidance_PathTests;
			productReference = 0841E4B72D497608008A3D69 /* C_ALL_With_Avoidance_PathTests.xctest */;
			productType = "com.apple.product-type.bundle.unit-test";
		};
		0841E4C02D497608008A3D69 /* C_ALL_With_Avoidance_PathUITests */ = {
			isa = PBXNativeTarget;
			buildConfigurationList = 0841E4D12D497608008A3D69 /* Build configuration list for PBXNativeTarget "C_ALL_With_Avoidance_PathUITests" */;
			buildPhases = (
				0841E4BD2D497608008A3D69 /* Sources */,
				0841E4BE2D497608008A3D69 /* Frameworks */,
				0841E4BF2D497608008A3D69 /* Resources */,
			);
			buildRules = (
			);
			dependencies = (
				0841E4C32D497608008A3D69 /* PBXTargetDependency */,
			);
			fileSystemSynchronizedGroups = (
				0841E4C42D497608008A3D69 /* C_ALL_With_Avoidance_PathUITests */,
			);
			name = C_ALL_With_Avoidance_PathUITests;
			packageProductDependencies = (
			);
			productName = C_ALL_With_Avoidance_PathUITests;
			productReference = 0841E4C12D497608008A3D69 /* C_ALL_With_Avoidance_PathUITests.xctest */;
			productType = "com.apple.product-type.bundle.ui-testing";
		};
/* End PBXNativeTarget section */

/* Begin PBXProject section */
		0841E49D2D497605008A3D69 /* Project object */ = {
			isa = PBXProject;
			attributes = {
				BuildIndependentTargetsInParallel = 1;
				LastSwiftUpdateCheck = 1620;
				LastUpgradeCheck = 1620;
				TargetAttributes = {
					0841E4A42D497605008A3D69 = {
						CreatedOnToolsVersion = 16.2;
					};
					0841E4B62D497608008A3D69 = {
						CreatedOnToolsVersion = 16.2;
						TestTargetID = 0841E4A42D497605008A3D69;
					};
					0841E4C02D497608008A3D69 = {
						CreatedOnToolsVersion = 16.2;
						TestTargetID = 0841E4A42D497605008A3D69;
					};
				};
			};
			buildConfigurationList = 0841E4A02D497605008A3D69 /* Build configuration list for PBXProject "C_ALL_With_Avoidance_Path" */;
			developmentRegion = en;
			hasScannedForEncodings = 0;
			knownRegions = (
				en,
				Base,
			);
			mainGroup = 0841E49C2D497605008A3D69;
			minimizedProjectReferenceProxies = 1;
			preferredProjectObjectVersion = 77;
			productRefGroup = 0841E4A62D497605008A3D69 /* Products */;
			projectDirPath = "";
			projectRoot = "";
			targets = (
				0841E4A42D497605008A3D69 /* C_ALL_With_Avoidance_Path */,
				0841E4B62D497608008A3D69 /* C_ALL_With_Avoidance_PathTests */,
				0841E4C02D497608008A3D69 /* C_ALL_With_Avoidance_PathUITests */,
			);
		};
/* End PBXProject section */

/* Begin PBXResourcesBuildPhase section */
		0841E4A32D497605008A3D69 /* Resources */ = {
			isa = PBXResourcesBuildPhase;
			buildActionMask = 2147483647;
			files = (
			);
			runOnlyForDeploymentPostprocessing = 0;
		};
		0841E4B52D497608008A3D69 /* Resources */ = {
			isa = PBXResourcesBuildPhase;
			buildActionMask = 2147483647;
			files = (
			);
			runOnlyForDeploymentPostprocessing = 0;
		};
		0841E4BF2D497608008A3D69 /* Resources */ = {
			isa = PBXResourcesBuildPhase;
			buildActionMask = 2147483647;
			files = (
			);
			runOnlyForDeploymentPostprocessing = 0;
		};
/* End PBXResourcesBuildPhase section */

/* Begin PBXSourcesBuildPhase section */
		0841E4A12D497605008A3D69 /* Sources */ = {
			isa = PBXSourcesBuildPhase;
			buildActionMask = 2147483647;
			files = (
			);
			runOnlyForDeploymentPostprocessing = 0;
		};
		0841E4B32D497608008A3D69 /* Sources */ = {
			isa = PBXSourcesBuildPhase;
			buildActionMask = 2147483647;
			files = (
			);
			runOnlyForDeploymentPostprocessing = 0;
		};
		0841E4BD2D497608008A3D69 /* Sources */ = {
			isa = PBXSourcesBuildPhase;
			buildActionMask = 2147483647;
			files = (
			);
			runOnlyForDeploymentPostprocessing = 0;
		};
/* End PBXSourcesBuildPhase section */

/* Begin PBXTargetDependency section */
		0841E4B92D497608008A3D69 /* PBXTargetDependency */ = {
			isa = PBXTargetDependency;
			target = 0841E4A42D497605008A3D69 /* C_ALL_With_Avoidance_Path */;
			targetProxy = 0841E4B82D497608008A3D69 /* PBXContainerItemProxy */;
		};
		0841E4C32D497608008A3D69 /* PBXTargetDependency */ = {
			isa = PBXTargetDependency;
			target = 0841E4A42D497605008A3D69 /* C_ALL_With_Avoidance_Path */;
			targetProxy = 0841E4C22D497608008A3D69 /* PBXContainerItemProxy */;
		};
/* End PBXTargetDependency section */

/* Begin XCBuildConfiguration section */
		0841E4C92D497608008A3D69 /* Debug */ = {
			isa = XCBuildConfiguration;
			buildSettings = {
				ALWAYS_SEARCH_USER_PATHS = NO;
				ASSETCATALOG_COMPILER_GENERATE_SWIFT_ASSET_SYMBOL_EXTENSIONS = YES;
				CLANG_ANALYZER_NONNULL = YES;
				CLANG_ANALYZER_NUMBER_OBJECT_CONVERSION = YES_AGGRESSIVE;
				CLANG_CXX_LANGUAGE_STANDARD = "gnu++20";
				CLANG_ENABLE_MODULES = YES;
				CLANG_ENABLE_OBJC_ARC = YES;
				CLANG_ENABLE_OBJC_WEAK = YES;
				CLANG_WARN_BLOCK_CAPTURE_AUTORELEASING = YES;
				CLANG_WARN_BOOL_CONVERSION = YES;
				CLANG_WARN_COMMA = YES;
				CLANG_WARN_CONSTANT_CONVERSION = YES;
				CLANG_WARN_DEPRECATED_OBJC_IMPLEMENTATIONS = YES;
				CLANG_WARN_DIRECT_OBJC_ISA_USAGE = YES_ERROR;
				CLANG_WARN_DOCUMENTATION_COMMENTS = YES;
				CLANG_WARN_EMPTY_BODY = YES;
				CLANG_WARN_ENUM_CONVERSION = YES;
				CLANG_WARN_INFINITE_RECURSION = YES;
				CLANG_WARN_INT_CONVERSION = YES;
				CLANG_WARN_NON_LITERAL_NULL_CONVERSION = YES;
				CLANG_WARN_OBJC_IMPLICIT_RETAIN_SELF = YES;
				CLANG_WARN_OBJC_LITERAL_CONVERSION = YES;
				CLANG_WARN_OBJC_ROOT_CLASS = YES_ERROR;
				CLANG_WARN_QUOTED_INCLUDE_IN_FRAMEWORK_HEADER = YES;
				CLANG_WARN_RANGE_LOOP_ANALYSIS = YES;
				CLANG_WARN_STRICT_PROTOTYPES = YES;
				CLANG_WARN_SUSPICIOUS_MOVE = YES;
				CLANG_WARN_UNGUARDED_AVAILABILITY = YES_AGGRESSIVE;
				CLANG_WARN_UNREACHABLE_CODE = YES;
				CLANG_WARN__DUPLICATE_METHOD_MATCH = YES;
				COPY_PHASE_STRIP = NO;
				DEBUG_INFORMATION_FORMAT = dwarf;
				ENABLE_STRICT_OBJC_MSGSEND = YES;
				ENABLE_TESTABILITY = YES;
				ENABLE_USER_SCRIPT_SANDBOXING = YES;
				GCC_C_LANGUAGE_STANDARD = gnu17;
				GCC_DYNAMIC_NO_PIC = NO;
				GCC_NO_COMMON_BLOCKS = YES;
				GCC_OPTIMIZATION_LEVEL = 0;
				GCC_PREPROCESSOR_DEFINITIONS = (
					"DEBUG=1",
					"$(inherited)",
				);
				GCC_WARN_64_TO_32_BIT_CONVERSION = YES;
				GCC_WARN_ABOUT_RETURN_TYPE = YES_ERROR;
				GCC_WARN_UNDECLARED_SELECTOR = YES;
				GCC_WARN_UNINITIALIZED_AUTOS = YES_AGGRESSIVE;
				GCC_WARN_UNUSED_FUNCTION = YES;
				GCC_WARN_UNUSED_VARIABLE = YES;
				IPHONEOS_DEPLOYMENT_TARGET = 18.2;
				LOCALIZATION_PREFERS_STRING_CATALOGS = YES;
				MTL_ENABLE_DEBUG_INFO = INCLUDE_SOURCE;
				MTL_FAST_MATH = YES;
				ONLY_ACTIVE_ARCH = YES;
				SDKROOT = iphoneos;
				SWIFT_ACTIVE_COMPILATION_CONDITIONS = "DEBUG $(inherited)";
				SWIFT_OPTIMIZATION_LEVEL = "-Onone";
			};
			name = Debug;
		};
		0841E4CA2D497608008A3D69 /* Release */ = {
			isa = XCBuildConfiguration;
			buildSettings = {
				ALWAYS_SEARCH_USER_PATHS = NO;
				ASSETCATALOG_COMPILER_GENERATE_SWIFT_ASSET_SYMBOL_EXTENSIONS = YES;
				CLANG_ANALYZER_NONNULL = YES;
				CLANG_ANALYZER_NUMBER_OBJECT_CONVERSION = YES_AGGRESSIVE;
				CLANG_CXX_LANGUAGE_STANDARD = "gnu++20";
				CLANG_ENABLE_MODULES = YES;
				CLANG_ENABLE_OBJC_ARC = YES;
				CLANG_ENABLE_OBJC_WEAK = YES;
				CLANG_WARN_BLOCK_CAPTURE_AUTORELEASING = YES;
				CLANG_WARN_BOOL_CONVERSION = YES;
				CLANG_WARN_COMMA = YES;
				CLANG_WARN_CONSTANT_CONVERSION = YES;
				CLANG_WARN_DEPRECATED_OBJC_IMPLEMENTATIONS = YES;
				CLANG_WARN_DIRECT_OBJC_ISA_USAGE = YES_ERROR;
				CLANG_WARN_DOCUMENTATION_COMMENTS = YES;
				CLANG_WARN_EMPTY_BODY = YES;
				CLANG_WARN_ENUM_CONVERSION = YES;
				CLANG_WARN_INFINITE_RECURSION = YES;
				CLANG_WARN_INT_CONVERSION = YES;
				CLANG_WARN_NON_LITERAL_NULL_CONVERSION = YES;
				CLANG_WARN_OBJC_IMPLICIT_RETAIN_SELF = YES;
				CLANG_WARN_OBJC_LITERAL_CONVERSION = YES;
				CLANG_WARN_OBJC_ROOT_CLASS = YES_ERROR;
				CLANG_WARN_QUOTED_INCLUDE_IN_FRAMEWORK_HEADER = YES;
				CLANG_WARN_RANGE_LOOP_ANALYSIS = YES;
				CLANG_WARN_STRICT_PROTOTYPES = YES;
				CLANG_WARN_SUSPICIOUS_MOVE = YES;
				CLANG_WARN_UNGUARDED_AVAILABILITY = YES_AGGRESSIVE;
				CLANG_WARN_UNREACHABLE_CODE = YES;
				CLANG_WARN__DUPLICATE_METHOD_MATCH = YES;
				COPY_PHASE_STRIP = NO;
				DEBUG_INFORMATION_FORMAT = "dwarf-with-dsym";
				ENABLE_NS_ASSERTIONS = NO;
				ENABLE_STRICT_OBJC_MSGSEND = YES;
				ENABLE_USER_SCRIPT_SANDBOXING = YES;
				GCC_C_LANGUAGE_STANDARD = gnu17;
				GCC_NO_COMMON_BLOCKS = YES;
				GCC_WARN_64_TO_32_BIT_CONVERSION = YES;
				GCC_WARN_ABOUT_RETURN_TYPE = YES_ERROR;
				GCC_WARN_UNDECLARED_SELECTOR = YES;
				GCC_WARN_UNINITIALIZED_AUTOS = YES_AGGRESSIVE;
				GCC_WARN_UNUSED_FUNCTION = YES;
				GCC_WARN_UNUSED_VARIABLE = YES;
				IPHONEOS_DEPLOYMENT_TARGET = 18.2;
				LOCALIZATION_PREFERS_STRING_CATALOGS = YES;
				MTL_ENABLE_DEBUG_INFO = NO;
				MTL_FAST_MATH = YES;
				SDKROOT = iphoneos;
				SWIFT_COMPILATION_MODE = wholemodule;
				VALIDATE_PRODUCT = YES;
			};
			name = Release;
		};
		0841E4CC2D497608008A3D69 /* Debug */ = {
			isa = XCBuildConfiguration;
			buildSettings = {
				ASSETCATALOG_COMPILER_APPICON_NAME = AppIcon;
				ASSETCATALOG_COMPILER_GLOBAL_ACCENT_COLOR_NAME = AccentColor;
				CODE_SIGN_IDENTITY = "Apple Development";
				CODE_SIGN_STYLE = Automatic;
				CURRENT_PROJECT_VERSION = 1;
				DEVELOPMENT_ASSET_PATHS = "\"C_ALL_With_Avoidance_Path/Preview Content\"";
				DEVELOPMENT_TEAM = YLWY2MDF7G;
				ENABLE_PREVIEWS = YES;
				GENERATE_INFOPLIST_FILE = YES;
				INFOPLIST_KEY_LSApplicationCategoryType = "";
				INFOPLIST_KEY_NSBluetoothAlwaysUsageDescription = "";
				INFOPLIST_KEY_NSCameraUsageDescription = "";
				INFOPLIST_KEY_NSLocationAlwaysAndWhenInUseUsageDescription = "";
				INFOPLIST_KEY_NSLocationWhenInUseUsageDescription = "";
				INFOPLIST_KEY_NSMotionUsageDescription = "";
				INFOPLIST_KEY_UIApplicationSceneManifest_Generation = YES;
				INFOPLIST_KEY_UIApplicationSupportsIndirectInputEvents = YES;
				INFOPLIST_KEY_UILaunchScreen_Generation = YES;
				INFOPLIST_KEY_UISupportedInterfaceOrientations_iPad = "UIInterfaceOrientationPortrait UIInterfaceOrientationPortraitUpsideDown UIInterfaceOrientationLandscapeLeft UIInterfaceOrientationLandscapeRight";
				INFOPLIST_KEY_UISupportedInterfaceOrientations_iPhone = "UIInterfaceOrientationPortrait UIInterfaceOrientationLandscapeLeft UIInterfaceOrientationLandscapeRight";
				IPHONEOS_DEPLOYMENT_TARGET = 18.0;
				LD_RUNPATH_SEARCH_PATHS = (
					"$(inherited)",
					"@executable_path/Frameworks",
				);
				MARKETING_VERSION = 1.0;
				PRODUCT_BUNDLE_IDENTIFIER = "com.original.C-ALL-With-Avoidance-Path1";
				PRODUCT_NAME = "$(TARGET_NAME)";
				PROVISIONING_PROFILE_SPECIFIER = "";
				SWIFT_EMIT_LOC_STRINGS = YES;
				SWIFT_VERSION = 5.0;
				TARGETED_DEVICE_FAMILY = "1,2";
			};
			name = Debug;
		};
		0841E4CD2D497608008A3D69 /* Release */ = {
			isa = XCBuildConfiguration;
			buildSettings = {
				ASSETCATALOG_COMPILER_APPICON_NAME = AppIcon;
				ASSETCATALOG_COMPILER_GLOBAL_ACCENT_COLOR_NAME = AccentColor;
				CODE_SIGN_IDENTITY = "Apple Development";
				CODE_SIGN_STYLE = Automatic;
				CURRENT_PROJECT_VERSION = 1;
				DEVELOPMENT_ASSET_PATHS = "\"C_ALL_With_Avoidance_Path/Preview Content\"";
				DEVELOPMENT_TEAM = YLWY2MDF7G;
				ENABLE_PREVIEWS = YES;
				GENERATE_INFOPLIST_FILE = YES;
				INFOPLIST_KEY_LSApplicationCategoryType = "";
				INFOPLIST_KEY_NSBluetoothAlwaysUsageDescription = "";
				INFOPLIST_KEY_NSCameraUsageDescription = "";
				INFOPLIST_KEY_NSLocationAlwaysAndWhenInUseUsageDescription = "";
				INFOPLIST_KEY_NSLocationWhenInUseUsageDescription = "";
				INFOPLIST_KEY_NSMotionUsageDescription = "";
				INFOPLIST_KEY_UIApplicationSceneManifest_Generation = YES;
				INFOPLIST_KEY_UIApplicationSupportsIndirectInputEvents = YES;
				INFOPLIST_KEY_UILaunchScreen_Generation = YES;
				INFOPLIST_KEY_UISupportedInterfaceOrientations_iPad = "UIInterfaceOrientationPortrait UIInterfaceOrientationPortraitUpsideDown UIInterfaceOrientationLandscapeLeft UIInterfaceOrientationLandscapeRight";
				INFOPLIST_KEY_UISupportedInterfaceOrientations_iPhone = "UIInterfaceOrientationPortrait UIInterfaceOrientationLandscapeLeft UIInterfaceOrientationLandscapeRight";
				IPHONEOS_DEPLOYMENT_TARGET = 18.0;
				LD_RUNPATH_SEARCH_PATHS = (
					"$(inherited)",
					"@executable_path/Frameworks",
				);
				MARKETING_VERSION = 1.0;
				PRODUCT_BUNDLE_IDENTIFIER = "com.original.C-ALL-With-Avoidance-Path1";
				PRODUCT_NAME = "$(TARGET_NAME)";
				PROVISIONING_PROFILE_SPECIFIER = "";
				SWIFT_EMIT_LOC_STRINGS = YES;
				SWIFT_VERSION = 5.0;
				TARGETED_DEVICE_FAMILY = "1,2";
			};
			name = Release;
		};
		0841E4CF2D497608008A3D69 /* Debug */ = {
			isa = XCBuildConfiguration;
			buildSettings = {
				BUNDLE_LOADER = "$(TEST_HOST)";
				CODE_SIGN_STYLE = Automatic;
				CURRENT_PROJECT_VERSION = 1;
				DEVELOPMENT_TEAM = FV5T6W7DPZ;
				GENERATE_INFOPLIST_FILE = YES;
				IPHONEOS_DEPLOYMENT_TARGET = 18.2;
				MARKETING_VERSION = 1.0;
				PRODUCT_BUNDLE_IDENTIFIER = "com.original.C-ALL-With-Avoidance-PathTests";
				PRODUCT_NAME = "$(TARGET_NAME)";
				SWIFT_EMIT_LOC_STRINGS = NO;
				SWIFT_VERSION = 5.0;
				TARGETED_DEVICE_FAMILY = "1,2";
				TEST_HOST = "$(BUILT_PRODUCTS_DIR)/C_ALL_With_Avoidance_Path.app/$(BUNDLE_EXECUTABLE_FOLDER_PATH)/C_ALL_With_Avoidance_Path";
			};
			name = Debug;
		};
		0841E4D02D497608008A3D69 /* Release */ = {
			isa = XCBuildConfiguration;
			buildSettings = {
				BUNDLE_LOADER = "$(TEST_HOST)";
				CODE_SIGN_STYLE = Automatic;
				CURRENT_PROJECT_VERSION = 1;
				DEVELOPMENT_TEAM = FV5T6W7DPZ;
				GENERATE_INFOPLIST_FILE = YES;
				IPHONEOS_DEPLOYMENT_TARGET = 18.2;
				MARKETING_VERSION = 1.0;
				PRODUCT_BUNDLE_IDENTIFIER = "com.original.C-ALL-With-Avoidance-PathTests";
				PRODUCT_NAME = "$(TARGET_NAME)";
				SWIFT_EMIT_LOC_STRINGS = NO;
				SWIFT_VERSION = 5.0;
				TARGETED_DEVICE_FAMILY = "1,2";
				TEST_HOST = "$(BUILT_PRODUCTS_DIR)/C_ALL_With_Avoidance_Path.app/$(BUNDLE_EXECUTABLE_FOLDER_PATH)/C_ALL_With_Avoidance_Path";
			};
			name = Release;
		};
		0841E4D22D497608008A3D69 /* Debug */ = {
			isa = XCBuildConfiguration;
			buildSettings = {
				CODE_SIGN_STYLE = Automatic;
				CURRENT_PROJECT_VERSION = 1;
				DEVELOPMENT_TEAM = FV5T6W7DPZ;
				GENERATE_INFOPLIST_FILE = YES;
				MARKETING_VERSION = 1.0;
				PRODUCT_BUNDLE_IDENTIFIER = "com.original.C-ALL-With-Avoidance-PathUITests";
				PRODUCT_NAME = "$(TARGET_NAME)";
				SWIFT_EMIT_LOC_STRINGS = NO;
				SWIFT_VERSION = 5.0;
				TARGETED_DEVICE_FAMILY = "1,2";
				TEST_TARGET_NAME = C_ALL_With_Avoidance_Path;
			};
			name = Debug;
		};
		0841E4D32D497608008A3D69 /* Release */ = {
			isa = XCBuildConfiguration;
			buildSettings = {
				CODE_SIGN_STYLE = Automatic;
				CURRENT_PROJECT_VERSION = 1;
				DEVELOPMENT_TEAM = FV5T6W7DPZ;
				GENERATE_INFOPLIST_FILE = YES;
				MARKETING_VERSION = 1.0;
				PRODUCT_BUNDLE_IDENTIFIER = "com.original.C-ALL-With-Avoidance-PathUITests";
				PRODUCT_NAME = "$(TARGET_NAME)";
				SWIFT_EMIT_LOC_STRINGS = NO;
				SWIFT_VERSION = 5.0;
				TARGETED_DEVICE_FAMILY = "1,2";
				TEST_TARGET_NAME = C_ALL_With_Avoidance_Path;
			};
			name = Release;
		};
/* End XCBuildConfiguration section */

/* Begin XCConfigurationList section */
		0841E4A02D497605008A3D69 /* Build configuration list for PBXProject "C_ALL_With_Avoidance_Path" */ = {
			isa = XCConfigurationList;
			buildConfigurations = (
				0841E4C92D497608008A3D69 /* Debug */,
				0841E4CA2D497608008A3D69 /* Release */,
			);
			defaultConfigurationIsVisible = 0;
			defaultConfigurationName = Release;
		};
		0841E4CB2D497608008A3D69 /* Build configuration list for PBXNativeTarget "C_ALL_With_Avoidance_Path" */ = {
			isa = XCConfigurationList;
			buildConfigurations = (
				0841E4CC2D497608008A3D69 /* Debug */,
				0841E4CD2D497608008A3D69 /* Release */,
			);
			defaultConfigurationIsVisible = 0;
			defaultConfigurationName = Release;
		};
		0841E4CE2D497608008A3D69 /* Build configuration list for PBXNativeTarget "C_ALL_With_Avoidance_PathTests" */ = {
			isa = XCConfigurationList;
			buildConfigurations = (
				0841E4CF2D497608008A3D69 /* Debug */,
				0841E4D02D497608008A3D69 /* Release */,
			);
			defaultConfigurationIsVisible = 0;
			defaultConfigurationName = Release;
		};
		0841E4D12D497608008A3D69 /* Build configuration list for PBXNativeTarget "C_ALL_With_Avoidance_PathUITests" */ = {
			isa = XCConfigurationList;
			buildConfigurations = (
				0841E4D22D497608008A3D69 /* Debug */,
				0841E4D32D497608008A3D69 /* Release */,
			);
			defaultConfigurationIsVisible = 0;
			defaultConfigurationName = Release;
		};
/* End XCConfigurationList section */
	};
	rootObject = 0841E49D2D497605008A3D69 /* Project object */;
}
